// !$*UTF8*$!
{
	archiveVersion = 1;
	classes = {
	};
	objectVersion = 77;
	objects = {

/* Begin PBXBuildFile section */
		A00000000000000000000001 /* PTimerApp.swift in Sources */ = {isa = PBXBuildFile; fileRef = A00000000000000000000011 /* PTimerApp.swift */; };
		A00000000000000000000002 /* ContentView.swift in Sources */ = {isa = PBXBuildFile; fileRef = A00000000000000000000012 /* ContentView.swift */; };
		A00000000000000000000003 /* ExposureCalculatorScreen.swift in Sources */ = {isa = PBXBuildFile; fileRef = A00000000000000000000013 /* ExposureCalculatorScreen.swift */; };
		A00000000000000000000004 /* ExposureCalculator.swift in Sources */ = {isa = PBXBuildFile; fileRef = A00000000000000000000014 /* ExposureCalculator.swift */; };
		A00000000000000000000005 /* TimerManager.swift in Sources */ = {isa = PBXBuildFile; fileRef = A00000000000000000000015 /* TimerManager.swift */; };
		A00000000000000000000006 /* ExposureCalculatorTests.swift in Sources */ = {isa = PBXBuildFile; fileRef = A00000000000000000000016 /* ExposureCalculatorTests.swift */; };
		A00000000000000000000007 /* TimerManagerTests.swift in Sources */ = {isa = PBXBuildFile; fileRef = A00000000000000000000017 /* TimerManagerTests.swift */; };
		A0000000000000000000010D /* LockScreenTimerCoordinatorTests.swift in Sources */ = {isa = PBXBuildFile; fileRef = A0000000000000000000010E /* LockScreenTimerCoordinatorTests.swift */; };
		A0000000000000000000010F /* DisplayStateSnapshot.swift in Sources */ = {isa = PBXBuildFile; fileRef = A00000000000000000000110 /* DisplayStateSnapshot.swift */; };
		A00000000000000000000111 /* DisplayStateSnapshotTests.swift in Sources */ = {isa = PBXBuildFile; fileRef = A00000000000000000000112 /* DisplayStateSnapshotTests.swift */; };
		A00000000000000000000116 /* RecordReplayTrace.swift in Sources */ = {isa = PBXBuildFile; fileRef = A00000000000000000000115 /* RecordReplayTrace.swift */; };
		A00000000000000000000118 /* RecordReplayBaseline.swift in Sources */ = {isa = PBXBuildFile; fileRef = A00000000000000000000117 /* RecordReplayBaseline.swift */; };
		A0000000000000000000011A /* RecordReplaySpies.swift in Sources */ = {isa = PBXBuildFile; fileRef = A00000000000000000000119 /* RecordReplaySpies.swift */; };
		A0000000000000000000011C /* RecordReplayHarness.swift in Sources */ = {isa = PBXBuildFile; fileRef = A0000000000000000000011B /* RecordReplayHarness.swift */; };
		A0000000000000000000011E /* RecordReplayBaselineSmokeTests.swift in Sources */ = {isa = PBXBuildFile; fileRef = A0000000000000000000011D /* RecordReplayBaselineSmokeTests.swift */; };
		A00000000000000000000008 /* ExposureCalculatorViewModel.swift in Sources */ = {isa = PBXBuildFile; fileRef = A00000000000000000000019 /* ExposureCalculatorViewModel.swift */; };
		A00000000000000000000009 /* ExposureCalculatorViewModelTests.swift in Sources */ = {isa = PBXBuildFile; fileRef = A0000000000000000000001A /* ExposureCalculatorViewModelTests.swift */; };
		A0000000000000000000000A /* ExposureCalculationAccuracyTests.swift in Sources */ = {isa = PBXBuildFile; fileRef = A0000000000000000000001B /* ExposureCalculationAccuracyTests.swift */; };
		A0000000000000000000000C /* BottomSheetWorkspaceShellTests.swift in Sources */ = {isa = PBXBuildFile; fileRef = A0000000000000000000001D /* BottomSheetWorkspaceShellTests.swift */; };
		A000000000000000000000FB /* BottomSheetWorkspaceSnapshotFactoryTests.swift in Sources */ = {isa = PBXBuildFile; fileRef = A000000000000000000000FC /* BottomSheetWorkspaceSnapshotFactoryTests.swift */; };
		A000000000000000000000FD /* BottomSheetWorkspaceOrderingTests.swift in Sources */ = {isa = PBXBuildFile; fileRef = A000000000000000000000FE /* BottomSheetWorkspaceOrderingTests.swift */; };
		A000000000000000000000FF /* BottomSheetIdentityPaletteTests.swift in Sources */ = {isa = PBXBuildFile; fileRef = A00000000000000000000100 /* BottomSheetIdentityPaletteTests.swift */; };
		A00000000000000000000102 /* ExposureCalculatorLayoutMetrics.swift in Sources */ = {isa = PBXBuildFile; fileRef = A00000000000000000000101 /* ExposureCalculatorLayoutMetrics.swift */; };
		A00000000000000000000104 /* RunningTimerPanelView.swift in Sources */ = {isa = PBXBuildFile; fileRef = A00000000000000000000103 /* RunningTimerPanelView.swift */; };
		A00000000000000000000105 /* ViewModelDependencyFactory.swift in Sources */ = {isa = PBXBuildFile; fileRef = A00000000000000000000106 /* ViewModelDependencyFactory.swift */; };
		A00000000000000000000108 /* FilmModeDetailsPresenter.swift in Sources */ = {isa = PBXBuildFile; fileRef = A00000000000000000000107 /* FilmModeDetailsPresenter.swift */; };
		A0000000000000000000010A /* LockScreenTimerCoordinator.swift in Sources */ = {isa = PBXBuildFile; fileRef = A00000000000000000000109 /* LockScreenTimerCoordinator.swift */; };
		A000000000000000000000B7 /* ExposureCalculatorViewModelFilmModeTests.swift in Sources */ = {isa = PBXBuildFile; fileRef = A000000000000000000000B8 /* ExposureCalculatorViewModelFilmModeTests.swift */; };
		A000000000000000000000BD /* ExposureCalculatorViewModelTimerIntegrationTests.swift in Sources */ = {isa = PBXBuildFile; fileRef = A000000000000000000000BE /* ExposureCalculatorViewModelTimerIntegrationTests.swift */; };
		A000000000000000000000BF /* ExposureCalculatorViewModelContextPersistenceTests.swift in Sources */ = {isa = PBXBuildFile; fileRef = A000000000000000000000CE /* ExposureCalculatorViewModelContextPersistenceTests.swift */; };
		A000000000000000000000CF /* ExposureCalculatorViewModelScenePhaseTests.swift in Sources */ = {isa = PBXBuildFile; fileRef = A000000000000000000000E3 /* ExposureCalculatorViewModelScenePhaseTests.swift */; };
		A000000000000000000000D2 /* BottomSheetWorkspaceShell.swift in Sources */ = {isa = PBXBuildFile; fileRef = A000000000000000000000D1 /* BottomSheetWorkspaceShell.swift */; };
		A000000000000000000000D4 /* BottomSheetWorkspaceStateStore.swift in Sources */ = {isa = PBXBuildFile; fileRef = A000000000000000000000D3 /* BottomSheetWorkspaceStateStore.swift */; };
		A000000000000000000000D6 /* BottomSheetWorkspaceMetrics.swift in Sources */ = {isa = PBXBuildFile; fileRef = A000000000000000000000D5 /* BottomSheetWorkspaceMetrics.swift */; };
		A000000000000000000000D8 /* BottomSheetWorkspacePresentationAdapter.swift in Sources */ = {isa = PBXBuildFile; fileRef = A000000000000000000000D7 /* BottomSheetWorkspacePresentationAdapter.swift */; };
		A000000000000000000000DA /* BottomSheetWorkspaceSnapshotStore.swift in Sources */ = {isa = PBXBuildFile; fileRef = A000000000000000000000D9 /* BottomSheetWorkspaceSnapshotStore.swift */; };
		A000000000000000000000DC /* BottomSheetWorkspaceActions.swift in Sources */ = {isa = PBXBuildFile; fileRef = A000000000000000000000DB /* BottomSheetWorkspaceActions.swift */; };
		A000000000000000000000DE /* BottomSheetWorkspaceSnapshot.swift in Sources */ = {isa = PBXBuildFile; fileRef = A000000000000000000000DD /* BottomSheetWorkspaceSnapshot.swift */; };
		A0000000000000000000000D /* TimerCompletionNotificationScheduler.swift in Sources */ = {isa = PBXBuildFile; fileRef = A0000000000000000000001E /* TimerCompletionNotificationScheduler.swift */; };
		A0000000000000000000000E /* LockScreenTimerLiveActivity.swift in Sources */ = {isa = PBXBuildFile; fileRef = A00000000000000000000091 /* LockScreenTimerLiveActivity.swift */; };
		A0000000000000000000000F /* LockScreenTimerLiveActivity.swift in Sources */ = {isa = PBXBuildFile; fileRef = A00000000000000000000091 /* LockScreenTimerLiveActivity.swift */; };
		A000000000000000000000A5 /* CompletedRelativeTimeFormatter.swift in Sources */ = {isa = PBXBuildFile; fileRef = A000000000000000000000A6 /* CompletedRelativeTimeFormatter.swift */; };
		A000000000000000000000A0 /* PTimerWidgetsBundle.swift in Sources */ = {isa = PBXBuildFile; fileRef = A00000000000000000000092 /* PTimerWidgetsBundle.swift */; };
		A000000000000000000000A1 /* LockScreenTimerTargetWidget.swift in Sources */ = {isa = PBXBuildFile; fileRef = A00000000000000000000093 /* LockScreenTimerTargetWidget.swift */; };
		A000000000000000000000A2 /* PTimerWidgets.appex in Embed App Extensions */ = {isa = PBXBuildFile; fileRef = A00000000000000000000090 /* PTimerWidgets.appex */; settings = {ATTRIBUTES = (RemoveHeadersOnCopy, ); }; };
		A000000000000000000000A7 /* CompletedRelativeTimeFormatterTests.swift in Sources */ = {isa = PBXBuildFile; fileRef = A000000000000000000000A8 /* CompletedRelativeTimeFormatterTests.swift */; };
		A000000000000000000000A9 /* ReciprocityDomain.swift in Sources */ = {isa = PBXBuildFile; fileRef = A000000000000000000000AA /* ReciprocityDomain.swift */; };
		A000000000000000000000AB /* ReciprocityDomainTests.swift in Sources */ = {isa = PBXBuildFile; fileRef = A000000000000000000000AC /* ReciprocityDomainTests.swift */; };
		A000000000000000000000AD /* ReciprocityCalculationPolicy.swift in Sources */ = {isa = PBXBuildFile; fileRef = A000000000000000000000AE /* ReciprocityCalculationPolicy.swift */; };
		A000000000000000000000AF /* ReciprocityCalculationPolicyTests.swift in Sources */ = {isa = PBXBuildFile; fileRef = A000000000000000000000B0 /* ReciprocityCalculationPolicyTests.swift */; };
		A0000000000000000000010B /* ReciprocityCalculationPolicyPerformanceTests.swift in Sources */ = {isa = PBXBuildFile; fileRef = A0000000000000000000010C /* ReciprocityCalculationPolicyPerformanceTests.swift */; };
		A00000000000000000000120 /* ReciprocityResultLegacyShapeBaselineTests.swift in Sources */ = {isa = PBXBuildFile; fileRef = A0000000000000000000011F /* ReciprocityResultLegacyShapeBaselineTests.swift */; };
		A00000000000000000000122 /* ReciprocityResultCodableTests.swift in Sources */ = {isa = PBXBuildFile; fileRef = A00000000000000000000121 /* ReciprocityResultCodableTests.swift */; };
		A000000000000000000000B1 /* ReciprocityConfidencePresentation.swift in Sources */ = {isa = PBXBuildFile; fileRef = A000000000000000000000B2 /* ReciprocityConfidencePresentation.swift */; };
		A000000000000000000000B3 /* ReciprocityConfidencePresentationTests.swift in Sources */ = {isa = PBXBuildFile; fileRef = A000000000000000000000B4 /* ReciprocityConfidencePresentationTests.swift */; };
		A000000000000000000000B5 /* PresetFilmCatalog.swift in Sources */ = {isa = PBXBuildFile; fileRef = A000000000000000000000B6 /* PresetFilmCatalog.swift */; };
		A000000000000000000000F2 /* ExposureCalculatorWorkingContext.swift in Sources */ = {isa = PBXBuildFile; fileRef = A000000000000000000000F1 /* ExposureCalculatorWorkingContext.swift */; };
		A000000000000000000000F4 /* PersistentCalculatorContext.swift in Sources */ = {isa = PBXBuildFile; fileRef = A000000000000000000000F3 /* PersistentCalculatorContext.swift */; };
		A000000000000000000000F6 /* FilmSelectionDisplayState.swift in Sources */ = {isa = PBXBuildFile; fileRef = A000000000000000000000F5 /* FilmSelectionDisplayState.swift */; };
		A000000000000000000000F8 /* FilmModeResultDisplayStates.swift in Sources */ = {isa = PBXBuildFile; fileRef = A000000000000000000000F7 /* FilmModeResultDisplayStates.swift */; };
		A000000000000000000000FA /* FilmModeDetailsDisplayStates.swift in Sources */ = {isa = PBXBuildFile; fileRef = A000000000000000000000F9 /* FilmModeDetailsDisplayStates.swift */; };
		A000000000000000000000B9 /* LaunchPresetFilmCatalogTests.swift in Sources */ = {isa = PBXBuildFile; fileRef = A000000000000000000000BA /* LaunchPresetFilmCatalogTests.swift */; };
		A000000000000000000000E1 /* LaunchPresetFilmCatalog.json in Resources */ = {isa = PBXBuildFile; fileRef = A000000000000000000000E0 /* LaunchPresetFilmCatalog.json */; };
		A000000000000000000000E2 /* LaunchPresetFilmCatalog.json in Resources */ = {isa = PBXBuildFile; fileRef = A000000000000000000000E0 /* LaunchPresetFilmCatalog.json */; };
		A00000000000000000000123 /* WorkspaceCoordinator.swift in Sources */ = {isa = PBXBuildFile; fileRef = A00000000000000000000124 /* WorkspaceCoordinator.swift */; };
		A00000000000000000000125 /* CalculatorModel.swift in Sources */ = {isa = PBXBuildFile; fileRef = A00000000000000000000126 /* CalculatorModel.swift */; };
		A00000000000000000000128 /* CalculatorModelTests.swift in Sources */ = {isa = PBXBuildFile; fileRef = A00000000000000000000129 /* CalculatorModelTests.swift */; };
		A00000000000000000000130 /* ReciprocityModel.swift in Sources */ = {isa = PBXBuildFile; fileRef = A00000000000000000000131 /* ReciprocityModel.swift */; };
		A00000000000000000000132 /* ReciprocityModelTests.swift in Sources */ = {isa = PBXBuildFile; fileRef = A00000000000000000000133 /* ReciprocityModelTests.swift */; };
		A00000000000000000000134 /* TimerWorkspaceModel.swift in Sources */ = {isa = PBXBuildFile; fileRef = A00000000000000000000135 /* TimerWorkspaceModel.swift */; };
		A00000000000000000000136 /* TimerWorkspaceModelTests.swift in Sources */ = {isa = PBXBuildFile; fileRef = A00000000000000000000137 /* TimerWorkspaceModelTests.swift */; };
		A00000000000000000000138 /* FilmSelectionModel.swift in Sources */ = {isa = PBXBuildFile; fileRef = A00000000000000000000139 /* FilmSelectionModel.swift */; };
		A00000000000000000000140 /* FilmSelectionModelTests.swift in Sources */ = {isa = PBXBuildFile; fileRef = A00000000000000000000141 /* FilmSelectionModelTests.swift */; };
		A00000000000000000000143 /* B4TimerLifecycleBaselineTests.swift in Sources */ = {isa = PBXBuildFile; fileRef = A00000000000000000000142 /* B4TimerLifecycleBaselineTests.swift */; };
		A00000000000000000000146 /* RunningTimerItem.swift in Sources */ = {isa = PBXBuildFile; fileRef = A00000000000000000000144 /* RunningTimerItem.swift */; };
		A00000000000000000000147 /* TimerMetadataPersistence.swift in Sources */ = {isa = PBXBuildFile; fileRef = A00000000000000000000145 /* TimerMetadataPersistence.swift */; };
		A00000000000000000000149 /* FilmModeDetailsView.swift in Sources */ = {isa = PBXBuildFile; fileRef = A00000000000000000000148 /* FilmModeDetailsView.swift */; };
		A0000000000000000000014B /* WheelPickerContinuousObserver.swift in Sources */ = {isa = PBXBuildFile; fileRef = A0000000000000000000014A /* WheelPickerContinuousObserver.swift */; };
		A0000000000000000000014D /* ViewModelDisplayStateBaselineTests.swift in Sources */ = {isa = PBXBuildFile; fileRef = A0000000000000000000014C /* ViewModelDisplayStateBaselineTests.swift */; };
		A0000000000000000000014F /* SharedFixtureGoldenTests.swift in Sources */ = {isa = PBXBuildFile; fileRef = A0000000000000000000014E /* SharedFixtureGoldenTests.swift */; };
		A00000000000000000000150 /* ReciprocitySecondaryGuidancePresentation.swift in Sources */ = {isa = PBXBuildFile; fileRef = A00000000000000000000151 /* ReciprocitySecondaryGuidancePresentation.swift */; };
		A00000000000000000000152 /* ReciprocitySecondaryGuidancePresentationTests.swift in Sources */ = {isa = PBXBuildFile; fileRef = A00000000000000000000153 /* ReciprocitySecondaryGuidancePresentationTests.swift */; };
		A00000000000000000000154 /* ReciprocitySecondaryGuidanceCatalogMappingTests.swift in Sources */ = {isa = PBXBuildFile; fileRef = A00000000000000000000155 /* ReciprocitySecondaryGuidanceCatalogMappingTests.swift */; };
		A00000000000000000000232 /* Provia100FFormulaProfileTests.swift in Sources */ = {isa = PBXBuildFile; fileRef = A00000000000000000000233 /* Provia100FFormulaProfileTests.swift */; };
		A00000000000000000000236 /* Velvia50FormulaProfileTests.swift in Sources */ = {isa = PBXBuildFile; fileRef = A00000000000000000000237 /* Velvia50FormulaProfileTests.swift */; };
		A00000000000000000000238 /* Velvia100FormulaProfileTests.swift in Sources */ = {isa = PBXBuildFile; fileRef = A00000000000000000000239 /* Velvia100FormulaProfileTests.swift */; };
		A00000000000000000000240 /* AcrosIIFormulaProfileTests.swift in Sources */ = {isa = PBXBuildFile; fileRef = A00000000000000000000241 /* AcrosIIFormulaProfileTests.swift */; };
		A00000000000000000000242 /* FormulaProfileTestSupport.swift in Sources */ = {isa = PBXBuildFile; fileRef = A00000000000000000000243 /* FormulaProfileTestSupport.swift */; };
		A00000000000000000000156 /* FilmModeDetailsSecondaryGuidancePresenterTests.swift in Sources */ = {isa = PBXBuildFile; fileRef = A00000000000000000000157 /* FilmModeDetailsSecondaryGuidancePresenterTests.swift */; };
		A00000000000000000000158 /* ExposureScale.swift in Sources */ = {isa = PBXBuildFile; fileRef = A00000000000000000000159 /* ExposureScale.swift */; };
		A0000000000000000000015A /* ExposureScaleTests.swift in Sources */ = {isa = PBXBuildFile; fileRef = A0000000000000000000015B /* ExposureScaleTests.swift */; };
		A00000000000000000000160 /* OneThirdStopExposureModeTests.swift in Sources */ = {isa = PBXBuildFile; fileRef = A00000000000000000000161 /* OneThirdStopExposureModeTests.swift */; };
		A00000000000000000000162 /* ExposureScaleModeUITests.swift in Sources */ = {isa = PBXBuildFile; fileRef = A00000000000000000000163 /* ExposureScaleModeUITests.swift */; };
		A00000000000000000000202 /* CameraSlotIdentity.swift in Sources */ = {isa = PBXBuildFile; fileRef = A00000000000000000000201 /* CameraSlotIdentity.swift */; };
		A00000000000000000000204 /* CameraSlotPagerIndicator.swift in Sources */ = {isa = PBXBuildFile; fileRef = A00000000000000000000203 /* CameraSlotPagerIndicator.swift */; };
		A00000000000000000000206 /* CameraSlotPageState.swift in Sources */ = {isa = PBXBuildFile; fileRef = A00000000000000000000205 /* CameraSlotPageState.swift */; };
		A00000000000000000000208 /* CameraSlotSessionModel.swift in Sources */ = {isa = PBXBuildFile; fileRef = A00000000000000000000207 /* CameraSlotSessionModel.swift */; };
		A0000000000000000000020B /* CameraSlotIdentityTests.swift in Sources */ = {isa = PBXBuildFile; fileRef = A0000000000000000000020A /* CameraSlotIdentityTests.swift */; };
		A0000000000000000000020D /* CameraSlotSessionModelTests.swift in Sources */ = {isa = PBXBuildFile; fileRef = A0000000000000000000020C /* CameraSlotSessionModelTests.swift */; };
		A0000000000000000000020F /* ExposureCalculatorViewModelCameraSlotsTests.swift in Sources */ = {isa = PBXBuildFile; fileRef = A0000000000000000000020E /* ExposureCalculatorViewModelCameraSlotsTests.swift */; };
		A00000000000000000000211 /* CameraSlotCalculatorSnapshot.swift in Sources */ = {isa = PBXBuildFile; fileRef = A00000000000000000000210 /* CameraSlotCalculatorSnapshot.swift */; };
		A00000000000000000000213 /* CalculatorDefaults.swift in Sources */ = {isa = PBXBuildFile; fileRef = A00000000000000000000212 /* CalculatorDefaults.swift */; };
		A00000000000000000000215 /* ExposureTimerIdentity.swift in Sources */ = {isa = PBXBuildFile; fileRef = A00000000000000000000214 /* ExposureTimerIdentity.swift */; };
		A00000000000000000000217 /* TimerCardIdentityPresenter.swift in Sources */ = {isa = PBXBuildFile; fileRef = A00000000000000000000216 /* TimerCardIdentityPresenter.swift */; };
		A00000000000000000000219 /* PersistentCameraSlotSession.swift in Sources */ = {isa = PBXBuildFile; fileRef = A00000000000000000000218 /* PersistentCameraSlotSession.swift */; };
		A0000000000000000000021B /* CameraSlotSessionPersistenceController.swift in Sources */ = {isa = PBXBuildFile; fileRef = A0000000000000000000021A /* CameraSlotSessionPersistenceController.swift */; };
		A0000000000000000000021D /* CameraSlotSessionPersistenceTests.swift in Sources */ = {isa = PBXBuildFile; fileRef = A0000000000000000000021C /* CameraSlotSessionPersistenceTests.swift */; };
		A0000000000000000000021F /* CameraSlotRenameSheet.swift in Sources */ = {isa = PBXBuildFile; fileRef = A0000000000000000000021E /* CameraSlotRenameSheet.swift */; };
		A00000000000000000000220 /* TargetShutterModel.swift in Sources */ = {isa = PBXBuildFile; fileRef = A00000000000000000000221 /* TargetShutterModel.swift */; };
		A00000000000000000000222 /* TargetShutterDisplayState.swift in Sources */ = {isa = PBXBuildFile; fileRef = A00000000000000000000223 /* TargetShutterDisplayState.swift */; };
		A00000000000000000000224 /* TargetShutterPresenter.swift in Sources */ = {isa = PBXBuildFile; fileRef = A00000000000000000000225 /* TargetShutterPresenter.swift */; };
		A00000000000000000000226 /* TargetShutterSectionView.swift in Sources */ = {isa = PBXBuildFile; fileRef = A00000000000000000000227 /* TargetShutterSectionView.swift */; };
		A00000000000000000000228 /* TargetShutterModelTests.swift in Sources */ = {isa = PBXBuildFile; fileRef = A00000000000000000000229 /* TargetShutterModelTests.swift */; };
		A0000000000000000000022A /* TargetShutterPresenterTests.swift in Sources */ = {isa = PBXBuildFile; fileRef = A0000000000000000000022B /* TargetShutterPresenterTests.swift */; };
		A0000000000000000000022C /* ExposureCalculatorViewModelTargetShutterTests.swift in Sources */ = {isa = PBXBuildFile; fileRef = A0000000000000000000022D /* ExposureCalculatorViewModelTargetShutterTests.swift */; };
		A0000000000000000000022E /* TargetShutterInputState.swift in Sources */ = {isa = PBXBuildFile; fileRef = A0000000000000000000022F /* TargetShutterInputState.swift */; };
		A00000000000000000000230 /* TargetShutterInputStateTests.swift in Sources */ = {isa = PBXBuildFile; fileRef = A00000000000000000000231 /* TargetShutterInputStateTests.swift */; };
/* End PBXBuildFile section */

/* Begin PBXContainerItemProxy section */
		A00000000000000000000080 /* PBXContainerItemProxy */ = {
			isa = PBXContainerItemProxy;
			containerPortal = A00000000000000000000060 /* Project object */;
			proxyType = 1;
			remoteGlobalIDString = A00000000000000000000040;
			remoteInfo = PTimer;
		};
		A000000000000000000000A3 /* PBXContainerItemProxy */ = {
			isa = PBXContainerItemProxy;
			containerPortal = A00000000000000000000060 /* Project object */;
			proxyType = 1;
			remoteGlobalIDString = A0000000000000000000009C;
			remoteInfo = PTimerWidgets;
		};
/* End PBXContainerItemProxy section */

/* Begin PBXCopyFilesBuildPhase section */
		A00000000000000000000098 /* Embed App Extensions */ = {
			isa = PBXCopyFilesBuildPhase;
			buildActionMask = 2147483647;
			dstPath = "";
			dstSubfolderSpec = 13;
			files = (
				A000000000000000000000A2 /* PTimerWidgets.appex in Embed App Extensions */,
			);
			name = "Embed App Extensions";
			runOnlyForDeploymentPostprocessing = 0;
		};
/* End PBXCopyFilesBuildPhase section */

/* Begin PBXFileReference section */
		A00000000000000000000010 /* PTimer.app */ = {isa = PBXFileReference; explicitFileType = wrapper.application; includeInIndex = 0; path = PTimer.app; sourceTree = BUILT_PRODUCTS_DIR; };
		A00000000000000000000011 /* PTimerApp.swift */ = {isa = PBXFileReference; lastKnownFileType = sourcecode.swift; path = PTimerApp.swift; sourceTree = "<group>"; };
		A00000000000000000000012 /* ContentView.swift */ = {isa = PBXFileReference; lastKnownFileType = sourcecode.swift; path = ContentView.swift; sourceTree = "<group>"; };
		A00000000000000000000013 /* ExposureCalculatorScreen.swift */ = {isa = PBXFileReference; lastKnownFileType = sourcecode.swift; path = ExposureCalculatorScreen.swift; sourceTree = "<group>"; };
		A00000000000000000000014 /* ExposureCalculator.swift */ = {isa = PBXFileReference; lastKnownFileType = sourcecode.swift; path = ExposureCalculator.swift; sourceTree = "<group>"; };
		A00000000000000000000015 /* TimerManager.swift */ = {isa = PBXFileReference; lastKnownFileType = sourcecode.swift; path = TimerManager.swift; sourceTree = "<group>"; };
		A00000000000000000000016 /* ExposureCalculatorTests.swift */ = {isa = PBXFileReference; lastKnownFileType = sourcecode.swift; path = ExposureCalculatorTests.swift; sourceTree = "<group>"; };
		A00000000000000000000017 /* TimerManagerTests.swift */ = {isa = PBXFileReference; lastKnownFileType = sourcecode.swift; path = TimerManagerTests.swift; sourceTree = "<group>"; };
		A0000000000000000000010E /* LockScreenTimerCoordinatorTests.swift */ = {isa = PBXFileReference; lastKnownFileType = sourcecode.swift; path = LockScreenTimerCoordinatorTests.swift; sourceTree = "<group>"; };
		A00000000000000000000110 /* DisplayStateSnapshot.swift */ = {isa = PBXFileReference; lastKnownFileType = sourcecode.swift; path = DisplayStateSnapshot.swift; sourceTree = "<group>"; };
		A00000000000000000000112 /* DisplayStateSnapshotTests.swift */ = {isa = PBXFileReference; lastKnownFileType = sourcecode.swift; path = DisplayStateSnapshotTests.swift; sourceTree = "<group>"; };
		A00000000000000000000115 /* RecordReplayTrace.swift */ = {isa = PBXFileReference; lastKnownFileType = sourcecode.swift; path = RecordReplayTrace.swift; sourceTree = "<group>"; };
		A00000000000000000000117 /* RecordReplayBaseline.swift */ = {isa = PBXFileReference; lastKnownFileType = sourcecode.swift; path = RecordReplayBaseline.swift; sourceTree = "<group>"; };
		A00000000000000000000119 /* RecordReplaySpies.swift */ = {isa = PBXFileReference; lastKnownFileType = sourcecode.swift; path = RecordReplaySpies.swift; sourceTree = "<group>"; };
		A0000000000000000000011B /* RecordReplayHarness.swift */ = {isa = PBXFileReference; lastKnownFileType = sourcecode.swift; path = RecordReplayHarness.swift; sourceTree = "<group>"; };
		A0000000000000000000011D /* RecordReplayBaselineSmokeTests.swift */ = {isa = PBXFileReference; lastKnownFileType = sourcecode.swift; path = RecordReplayBaselineSmokeTests.swift; sourceTree = "<group>"; };
		A00000000000000000000018 /* PTimerTests.xctest */ = {isa = PBXFileReference; explicitFileType = wrapper.cfbundle; includeInIndex = 0; path = PTimerTests.xctest; sourceTree = BUILT_PRODUCTS_DIR; };
		A00000000000000000000019 /* ExposureCalculatorViewModel.swift */ = {isa = PBXFileReference; lastKnownFileType = sourcecode.swift; path = ExposureCalculatorViewModel.swift; sourceTree = "<group>"; };
		A0000000000000000000001A /* ExposureCalculatorViewModelTests.swift */ = {isa = PBXFileReference; lastKnownFileType = sourcecode.swift; path = ExposureCalculatorViewModelTests.swift; sourceTree = "<group>"; };
		A0000000000000000000001B /* ExposureCalculationAccuracyTests.swift */ = {isa = PBXFileReference; lastKnownFileType = sourcecode.swift; path = ExposureCalculationAccuracyTests.swift; sourceTree = "<group>"; };
		A0000000000000000000001D /* BottomSheetWorkspaceShellTests.swift */ = {isa = PBXFileReference; lastKnownFileType = sourcecode.swift; path = BottomSheetWorkspaceShellTests.swift; sourceTree = "<group>"; };
		A000000000000000000000FC /* BottomSheetWorkspaceSnapshotFactoryTests.swift */ = {isa = PBXFileReference; lastKnownFileType = sourcecode.swift; path = BottomSheetWorkspaceSnapshotFactoryTests.swift; sourceTree = "<group>"; };
		A000000000000000000000FE /* BottomSheetWorkspaceOrderingTests.swift */ = {isa = PBXFileReference; lastKnownFileType = sourcecode.swift; path = BottomSheetWorkspaceOrderingTests.swift; sourceTree = "<group>"; };
		A00000000000000000000100 /* BottomSheetIdentityPaletteTests.swift */ = {isa = PBXFileReference; lastKnownFileType = sourcecode.swift; path = BottomSheetIdentityPaletteTests.swift; sourceTree = "<group>"; };
		A00000000000000000000101 /* ExposureCalculatorLayoutMetrics.swift */ = {isa = PBXFileReference; lastKnownFileType = sourcecode.swift; path = ExposureCalculatorLayoutMetrics.swift; sourceTree = "<group>"; };
		A00000000000000000000103 /* RunningTimerPanelView.swift */ = {isa = PBXFileReference; lastKnownFileType = sourcecode.swift; path = RunningTimerPanelView.swift; sourceTree = "<group>"; };
		A00000000000000000000106 /* ViewModelDependencyFactory.swift */ = {isa = PBXFileReference; lastKnownFileType = sourcecode.swift; path = ViewModelDependencyFactory.swift; sourceTree = "<group>"; };
		A00000000000000000000107 /* FilmModeDetailsPresenter.swift */ = {isa = PBXFileReference; lastKnownFileType = sourcecode.swift; path = FilmModeDetailsPresenter.swift; sourceTree = "<group>"; };
		A00000000000000000000109 /* LockScreenTimerCoordinator.swift */ = {isa = PBXFileReference; lastKnownFileType = sourcecode.swift; path = LockScreenTimerCoordinator.swift; sourceTree = "<group>"; };
		A000000000000000000000B8 /* ExposureCalculatorViewModelFilmModeTests.swift */ = {isa = PBXFileReference; lastKnownFileType = sourcecode.swift; path = ExposureCalculatorViewModelFilmModeTests.swift; sourceTree = "<group>"; };
		A000000000000000000000BE /* ExposureCalculatorViewModelTimerIntegrationTests.swift */ = {isa = PBXFileReference; lastKnownFileType = sourcecode.swift; path = ExposureCalculatorViewModelTimerIntegrationTests.swift; sourceTree = "<group>"; };
		A000000000000000000000CE /* ExposureCalculatorViewModelContextPersistenceTests.swift */ = {isa = PBXFileReference; lastKnownFileType = sourcecode.swift; path = ExposureCalculatorViewModelContextPersistenceTests.swift; sourceTree = "<group>"; };
		A000000000000000000000E3 /* ExposureCalculatorViewModelScenePhaseTests.swift */ = {isa = PBXFileReference; lastKnownFileType = sourcecode.swift; path = ExposureCalculatorViewModelScenePhaseTests.swift; sourceTree = "<group>"; };
		A000000000000000000000D1 /* BottomSheetWorkspaceShell.swift */ = {isa = PBXFileReference; lastKnownFileType = sourcecode.swift; path = BottomSheetWorkspaceShell.swift; sourceTree = "<group>"; };
		A000000000000000000000D3 /* BottomSheetWorkspaceStateStore.swift */ = {isa = PBXFileReference; lastKnownFileType = sourcecode.swift; path = BottomSheetWorkspaceStateStore.swift; sourceTree = "<group>"; };
		A000000000000000000000D5 /* BottomSheetWorkspaceMetrics.swift */ = {isa = PBXFileReference; lastKnownFileType = sourcecode.swift; path = BottomSheetWorkspaceMetrics.swift; sourceTree = "<group>"; };
		A000000000000000000000D7 /* BottomSheetWorkspacePresentationAdapter.swift */ = {isa = PBXFileReference; lastKnownFileType = sourcecode.swift; path = BottomSheetWorkspacePresentationAdapter.swift; sourceTree = "<group>"; };
		A000000000000000000000D9 /* BottomSheetWorkspaceSnapshotStore.swift */ = {isa = PBXFileReference; lastKnownFileType = sourcecode.swift; path = BottomSheetWorkspaceSnapshotStore.swift; sourceTree = "<group>"; };
		A000000000000000000000DB /* BottomSheetWorkspaceActions.swift */ = {isa = PBXFileReference; lastKnownFileType = sourcecode.swift; path = BottomSheetWorkspaceActions.swift; sourceTree = "<group>"; };
		A000000000000000000000DD /* BottomSheetWorkspaceSnapshot.swift */ = {isa = PBXFileReference; lastKnownFileType = sourcecode.swift; path = BottomSheetWorkspaceSnapshot.swift; sourceTree = "<group>"; };
		A0000000000000000000001E /* TimerCompletionNotificationScheduler.swift */ = {isa = PBXFileReference; lastKnownFileType = sourcecode.swift; path = TimerCompletionNotificationScheduler.swift; sourceTree = "<group>"; };
		A000000000000000000000A6 /* CompletedRelativeTimeFormatter.swift */ = {isa = PBXFileReference; lastKnownFileType = sourcecode.swift; path = CompletedRelativeTimeFormatter.swift; sourceTree = "<group>"; };
		A000000000000000000000A8 /* CompletedRelativeTimeFormatterTests.swift */ = {isa = PBXFileReference; lastKnownFileType = sourcecode.swift; path = CompletedRelativeTimeFormatterTests.swift; sourceTree = "<group>"; };
		A000000000000000000000AA /* ReciprocityDomain.swift */ = {isa = PBXFileReference; lastKnownFileType = sourcecode.swift; path = ReciprocityDomain.swift; sourceTree = "<group>"; };
		A000000000000000000000AC /* ReciprocityDomainTests.swift */ = {isa = PBXFileReference; lastKnownFileType = sourcecode.swift; path = ReciprocityDomainTests.swift; sourceTree = "<group>"; };
		A000000000000000000000AE /* ReciprocityCalculationPolicy.swift */ = {isa = PBXFileReference; lastKnownFileType = sourcecode.swift; path = ReciprocityCalculationPolicy.swift; sourceTree = "<group>"; };
		A000000000000000000000B0 /* ReciprocityCalculationPolicyTests.swift */ = {isa = PBXFileReference; lastKnownFileType = sourcecode.swift; path = ReciprocityCalculationPolicyTests.swift; sourceTree = "<group>"; };
		A0000000000000000000010C /* ReciprocityCalculationPolicyPerformanceTests.swift */ = {isa = PBXFileReference; lastKnownFileType = sourcecode.swift; path = ReciprocityCalculationPolicyPerformanceTests.swift; sourceTree = "<group>"; };
		A0000000000000000000011F /* ReciprocityResultLegacyShapeBaselineTests.swift */ = {isa = PBXFileReference; lastKnownFileType = sourcecode.swift; path = ReciprocityResultLegacyShapeBaselineTests.swift; sourceTree = "<group>"; };
		A00000000000000000000121 /* ReciprocityResultCodableTests.swift */ = {isa = PBXFileReference; lastKnownFileType = sourcecode.swift; path = ReciprocityResultCodableTests.swift; sourceTree = "<group>"; };
		A000000000000000000000B2 /* ReciprocityConfidencePresentation.swift */ = {isa = PBXFileReference; lastKnownFileType = sourcecode.swift; path = ReciprocityConfidencePresentation.swift; sourceTree = "<group>"; };
		A000000000000000000000B4 /* ReciprocityConfidencePresentationTests.swift */ = {isa = PBXFileReference; lastKnownFileType = sourcecode.swift; path = ReciprocityConfidencePresentationTests.swift; sourceTree = "<group>"; };
		A000000000000000000000B6 /* PresetFilmCatalog.swift */ = {isa = PBXFileReference; lastKnownFileType = sourcecode.swift; path = PresetFilmCatalog.swift; sourceTree = "<group>"; };
		A000000000000000000000F1 /* ExposureCalculatorWorkingContext.swift */ = {isa = PBXFileReference; lastKnownFileType = sourcecode.swift; path = ExposureCalculatorWorkingContext.swift; sourceTree = "<group>"; };
		A000000000000000000000F3 /* PersistentCalculatorContext.swift */ = {isa = PBXFileReference; lastKnownFileType = sourcecode.swift; path = PersistentCalculatorContext.swift; sourceTree = "<group>"; };
		A000000000000000000000F5 /* FilmSelectionDisplayState.swift */ = {isa = PBXFileReference; lastKnownFileType = sourcecode.swift; path = FilmSelectionDisplayState.swift; sourceTree = "<group>"; };
		A000000000000000000000F7 /* FilmModeResultDisplayStates.swift */ = {isa = PBXFileReference; lastKnownFileType = sourcecode.swift; path = FilmModeResultDisplayStates.swift; sourceTree = "<group>"; };
		A000000000000000000000F9 /* FilmModeDetailsDisplayStates.swift */ = {isa = PBXFileReference; lastKnownFileType = sourcecode.swift; path = FilmModeDetailsDisplayStates.swift; sourceTree = "<group>"; };
		A000000000000000000000BA /* LaunchPresetFilmCatalogTests.swift */ = {isa = PBXFileReference; lastKnownFileType = sourcecode.swift; path = LaunchPresetFilmCatalogTests.swift; sourceTree = "<group>"; };
		A000000000000000000000C5 /* Assets.xcassets */ = {isa = PBXFileReference; lastKnownFileType = folder.assetcatalog; path = Assets.xcassets; sourceTree = "<group>"; };
		A000000000000000000000E0 /* LaunchPresetFilmCatalog.json */ = {isa = PBXFileReference; lastKnownFileType = text.json; path = LaunchPresetFilmCatalog.json; sourceTree = "<group>"; };
		A00000000000000000000090 /* PTimerWidgets.appex */ = {isa = PBXFileReference; explicitFileType = "wrapper.app-extension"; includeInIndex = 0; path = PTimerWidgets.appex; sourceTree = BUILT_PRODUCTS_DIR; };
		A00000000000000000000091 /* LockScreenTimerLiveActivity.swift */ = {isa = PBXFileReference; lastKnownFileType = sourcecode.swift; path = LockScreenTimerLiveActivity.swift; sourceTree = "<group>"; };
		A00000000000000000000092 /* PTimerWidgetsBundle.swift */ = {isa = PBXFileReference; lastKnownFileType = sourcecode.swift; path = PTimerWidgetsBundle.swift; sourceTree = "<group>"; };
		A00000000000000000000093 /* LockScreenTimerTargetWidget.swift */ = {isa = PBXFileReference; lastKnownFileType = sourcecode.swift; path = LockScreenTimerTargetWidget.swift; sourceTree = "<group>"; };
		A0000000000000000000009D /* Info.plist */ = {isa = PBXFileReference; lastKnownFileType = text.plist.xml; path = Info.plist; sourceTree = "<group>"; };
		F2683D862F7A020F009BCD7F /* PTimer.xctestplan */ = {isa = PBXFileReference; lastKnownFileType = text; path = PTimer.xctestplan; sourceTree = "<group>"; };
		A00000000000000000000124 /* WorkspaceCoordinator.swift */ = {isa = PBXFileReference; lastKnownFileType = sourcecode.swift; path = WorkspaceCoordinator.swift; sourceTree = "<group>"; };
		A00000000000000000000126 /* CalculatorModel.swift */ = {isa = PBXFileReference; lastKnownFileType = sourcecode.swift; path = CalculatorModel.swift; sourceTree = "<group>"; };
		A00000000000000000000129 /* CalculatorModelTests.swift */ = {isa = PBXFileReference; lastKnownFileType = sourcecode.swift; path = CalculatorModelTests.swift; sourceTree = "<group>"; };
		A00000000000000000000131 /* ReciprocityModel.swift */ = {isa = PBXFileReference; lastKnownFileType = sourcecode.swift; path = ReciprocityModel.swift; sourceTree = "<group>"; };
		A00000000000000000000133 /* ReciprocityModelTests.swift */ = {isa = PBXFileReference; lastKnownFileType = sourcecode.swift; path = ReciprocityModelTests.swift; sourceTree = "<group>"; };
		A00000000000000000000135 /* TimerWorkspaceModel.swift */ = {isa = PBXFileReference; lastKnownFileType = sourcecode.swift; path = TimerWorkspaceModel.swift; sourceTree = "<group>"; };
		A00000000000000000000137 /* TimerWorkspaceModelTests.swift */ = {isa = PBXFileReference; lastKnownFileType = sourcecode.swift; path = TimerWorkspaceModelTests.swift; sourceTree = "<group>"; };
		A00000000000000000000139 /* FilmSelectionModel.swift */ = {isa = PBXFileReference; lastKnownFileType = sourcecode.swift; path = FilmSelectionModel.swift; sourceTree = "<group>"; };
		A00000000000000000000141 /* FilmSelectionModelTests.swift */ = {isa = PBXFileReference; lastKnownFileType = sourcecode.swift; path = FilmSelectionModelTests.swift; sourceTree = "<group>"; };
		A00000000000000000000142 /* B4TimerLifecycleBaselineTests.swift */ = {isa = PBXFileReference; lastKnownFileType = sourcecode.swift; path = B4TimerLifecycleBaselineTests.swift; sourceTree = "<group>"; };
		A00000000000000000000144 /* RunningTimerItem.swift */ = {isa = PBXFileReference; lastKnownFileType = sourcecode.swift; path = RunningTimerItem.swift; sourceTree = "<group>"; };
		A00000000000000000000145 /* TimerMetadataPersistence.swift */ = {isa = PBXFileReference; lastKnownFileType = sourcecode.swift; path = TimerMetadataPersistence.swift; sourceTree = "<group>"; };
		A00000000000000000000148 /* FilmModeDetailsView.swift */ = {isa = PBXFileReference; lastKnownFileType = sourcecode.swift; path = FilmModeDetailsView.swift; sourceTree = "<group>"; };
		A0000000000000000000014A /* WheelPickerContinuousObserver.swift */ = {isa = PBXFileReference; lastKnownFileType = sourcecode.swift; path = WheelPickerContinuousObserver.swift; sourceTree = "<group>"; };
		A0000000000000000000014C /* ViewModelDisplayStateBaselineTests.swift */ = {isa = PBXFileReference; lastKnownFileType = sourcecode.swift; path = ViewModelDisplayStateBaselineTests.swift; sourceTree = "<group>"; };
		A0000000000000000000014E /* SharedFixtureGoldenTests.swift */ = {isa = PBXFileReference; lastKnownFileType = sourcecode.swift; path = SharedFixtureGoldenTests.swift; sourceTree = "<group>"; };
		A00000000000000000000151 /* ReciprocitySecondaryGuidancePresentation.swift */ = {isa = PBXFileReference; lastKnownFileType = sourcecode.swift; path = ReciprocitySecondaryGuidancePresentation.swift; sourceTree = "<group>"; };
		A00000000000000000000153 /* ReciprocitySecondaryGuidancePresentationTests.swift */ = {isa = PBXFileReference; lastKnownFileType = sourcecode.swift; path = ReciprocitySecondaryGuidancePresentationTests.swift; sourceTree = "<group>"; };
		A00000000000000000000155 /* ReciprocitySecondaryGuidanceCatalogMappingTests.swift */ = {isa = PBXFileReference; lastKnownFileType = sourcecode.swift; path = ReciprocitySecondaryGuidanceCatalogMappingTests.swift; sourceTree = "<group>"; };
		A00000000000000000000233 /* Provia100FFormulaProfileTests.swift */ = {isa = PBXFileReference; lastKnownFileType = sourcecode.swift; path = Provia100FFormulaProfileTests.swift; sourceTree = "<group>"; };
		A00000000000000000000237 /* Velvia50FormulaProfileTests.swift */ = {isa = PBXFileReference; lastKnownFileType = sourcecode.swift; path = Velvia50FormulaProfileTests.swift; sourceTree = "<group>"; };
		A00000000000000000000239 /* Velvia100FormulaProfileTests.swift */ = {isa = PBXFileReference; lastKnownFileType = sourcecode.swift; path = Velvia100FormulaProfileTests.swift; sourceTree = "<group>"; };
		A00000000000000000000241 /* AcrosIIFormulaProfileTests.swift */ = {isa = PBXFileReference; lastKnownFileType = sourcecode.swift; path = AcrosIIFormulaProfileTests.swift; sourceTree = "<group>"; };
		A00000000000000000000243 /* FormulaProfileTestSupport.swift */ = {isa = PBXFileReference; lastKnownFileType = sourcecode.swift; path = FormulaProfileTestSupport.swift; sourceTree = "<group>"; };
		A00000000000000000000157 /* FilmModeDetailsSecondaryGuidancePresenterTests.swift */ = {isa = PBXFileReference; lastKnownFileType = sourcecode.swift; path = FilmModeDetailsSecondaryGuidancePresenterTests.swift; sourceTree = "<group>"; };
		A00000000000000000000159 /* ExposureScale.swift */ = {isa = PBXFileReference; lastKnownFileType = sourcecode.swift; path = ExposureScale.swift; sourceTree = "<group>"; };
		A0000000000000000000015B /* ExposureScaleTests.swift */ = {isa = PBXFileReference; lastKnownFileType = sourcecode.swift; path = ExposureScaleTests.swift; sourceTree = "<group>"; };
		A00000000000000000000161 /* OneThirdStopExposureModeTests.swift */ = {isa = PBXFileReference; lastKnownFileType = sourcecode.swift; path = OneThirdStopExposureModeTests.swift; sourceTree = "<group>"; };
		A00000000000000000000163 /* ExposureScaleModeUITests.swift */ = {isa = PBXFileReference; lastKnownFileType = sourcecode.swift; path = ExposureScaleModeUITests.swift; sourceTree = "<group>"; };
		A00000000000000000000200 /* docs */ = {isa = PBXFileReference; lastKnownFileType = folder; name = docs; path = docs; sourceTree = "<group>"; };
		A00000000000000000000201 /* CameraSlotIdentity.swift */ = {isa = PBXFileReference; lastKnownFileType = sourcecode.swift; path = CameraSlotIdentity.swift; sourceTree = "<group>"; };
		A00000000000000000000203 /* CameraSlotPagerIndicator.swift */ = {isa = PBXFileReference; lastKnownFileType = sourcecode.swift; path = CameraSlotPagerIndicator.swift; sourceTree = "<group>"; };
		A00000000000000000000205 /* CameraSlotPageState.swift */ = {isa = PBXFileReference; lastKnownFileType = sourcecode.swift; path = CameraSlotPageState.swift; sourceTree = "<group>"; };
		A00000000000000000000207 /* CameraSlotSessionModel.swift */ = {isa = PBXFileReference; lastKnownFileType = sourcecode.swift; path = CameraSlotSessionModel.swift; sourceTree = "<group>"; };
		A0000000000000000000020A /* CameraSlotIdentityTests.swift */ = {isa = PBXFileReference; lastKnownFileType = sourcecode.swift; path = CameraSlotIdentityTests.swift; sourceTree = "<group>"; };
		A0000000000000000000020C /* CameraSlotSessionModelTests.swift */ = {isa = PBXFileReference; lastKnownFileType = sourcecode.swift; path = CameraSlotSessionModelTests.swift; sourceTree = "<group>"; };
		A0000000000000000000020E /* ExposureCalculatorViewModelCameraSlotsTests.swift */ = {isa = PBXFileReference; lastKnownFileType = sourcecode.swift; path = ExposureCalculatorViewModelCameraSlotsTests.swift; sourceTree = "<group>"; };
		A00000000000000000000210 /* CameraSlotCalculatorSnapshot.swift */ = {isa = PBXFileReference; lastKnownFileType = sourcecode.swift; path = CameraSlotCalculatorSnapshot.swift; sourceTree = "<group>"; };
		A00000000000000000000212 /* CalculatorDefaults.swift */ = {isa = PBXFileReference; lastKnownFileType = sourcecode.swift; path = CalculatorDefaults.swift; sourceTree = "<group>"; };
		A00000000000000000000214 /* ExposureTimerIdentity.swift */ = {isa = PBXFileReference; lastKnownFileType = sourcecode.swift; path = ExposureTimerIdentity.swift; sourceTree = "<group>"; };
		A00000000000000000000216 /* TimerCardIdentityPresenter.swift */ = {isa = PBXFileReference; lastKnownFileType = sourcecode.swift; path = TimerCardIdentityPresenter.swift; sourceTree = "<group>"; };
		A00000000000000000000218 /* PersistentCameraSlotSession.swift */ = {isa = PBXFileReference; lastKnownFileType = sourcecode.swift; path = PersistentCameraSlotSession.swift; sourceTree = "<group>"; };
		A0000000000000000000021A /* CameraSlotSessionPersistenceController.swift */ = {isa = PBXFileReference; lastKnownFileType = sourcecode.swift; path = CameraSlotSessionPersistenceController.swift; sourceTree = "<group>"; };
		A0000000000000000000021C /* CameraSlotSessionPersistenceTests.swift */ = {isa = PBXFileReference; lastKnownFileType = sourcecode.swift; path = CameraSlotSessionPersistenceTests.swift; sourceTree = "<group>"; };
		A0000000000000000000021E /* CameraSlotRenameSheet.swift */ = {isa = PBXFileReference; lastKnownFileType = sourcecode.swift; path = CameraSlotRenameSheet.swift; sourceTree = "<group>"; };
		A00000000000000000000221 /* TargetShutterModel.swift */ = {isa = PBXFileReference; lastKnownFileType = sourcecode.swift; path = TargetShutterModel.swift; sourceTree = "<group>"; };
		A00000000000000000000223 /* TargetShutterDisplayState.swift */ = {isa = PBXFileReference; lastKnownFileType = sourcecode.swift; path = TargetShutterDisplayState.swift; sourceTree = "<group>"; };
		A00000000000000000000225 /* TargetShutterPresenter.swift */ = {isa = PBXFileReference; lastKnownFileType = sourcecode.swift; path = TargetShutterPresenter.swift; sourceTree = "<group>"; };
		A00000000000000000000227 /* TargetShutterSectionView.swift */ = {isa = PBXFileReference; lastKnownFileType = sourcecode.swift; path = TargetShutterSectionView.swift; sourceTree = "<group>"; };
		A00000000000000000000229 /* TargetShutterModelTests.swift */ = {isa = PBXFileReference; lastKnownFileType = sourcecode.swift; path = TargetShutterModelTests.swift; sourceTree = "<group>"; };
		A0000000000000000000022B /* TargetShutterPresenterTests.swift */ = {isa = PBXFileReference; lastKnownFileType = sourcecode.swift; path = TargetShutterPresenterTests.swift; sourceTree = "<group>"; };
		A0000000000000000000022D /* ExposureCalculatorViewModelTargetShutterTests.swift */ = {isa = PBXFileReference; lastKnownFileType = sourcecode.swift; path = ExposureCalculatorViewModelTargetShutterTests.swift; sourceTree = "<group>"; };
		A0000000000000000000022F /* TargetShutterInputState.swift */ = {isa = PBXFileReference; lastKnownFileType = sourcecode.swift; path = TargetShutterInputState.swift; sourceTree = "<group>"; };
		A00000000000000000000231 /* TargetShutterInputStateTests.swift */ = {isa = PBXFileReference; lastKnownFileType = sourcecode.swift; path = TargetShutterInputStateTests.swift; sourceTree = "<group>"; };
/* End PBXFileReference section */

/* Begin PBXFrameworksBuildPhase section */
		A00000000000000000000020 /* Frameworks */ = {
			isa = PBXFrameworksBuildPhase;
			buildActionMask = 2147483647;
			files = (
			);
			runOnlyForDeploymentPostprocessing = 0;
		};
		A00000000000000000000023 /* Frameworks */ = {
			isa = PBXFrameworksBuildPhase;
			buildActionMask = 2147483647;
			files = (
			);
			runOnlyForDeploymentPostprocessing = 0;
		};
		A00000000000000000000095 /* Frameworks */ = {
			isa = PBXFrameworksBuildPhase;
			buildActionMask = 2147483647;
			files = (
			);
			runOnlyForDeploymentPostprocessing = 0;
		};
/* End PBXFrameworksBuildPhase section */

/* Begin PBXGroup section */
		A00000000000000000000030 = {
			isa = PBXGroup;
			children = (
				F2683D862F7A020F009BCD7F /* PTimer.xctestplan */,
				A00000000000000000000031 /* PTimer */,
				A00000000000000000000094 /* PTimerWidgets */,
				A00000000000000000000033 /* PTimerTests */,
				A00000000000000000000032 /* Products */,
				A00000000000000000000200 /* docs */,
			);
			sourceTree = "<group>";
		};
		A00000000000000000000031 /* PTimer */ = {
			isa = PBXGroup;
			children = (
				A000000000000000000000C6 /* App */,
				A000000000000000000000BB /* ExposureCalculator */,
				A000000000000000000000C7 /* Reciprocity */,
				A000000000000000000000C8 /* Timers */,
				A000000000000000000000C9 /* Resources */,
				A000000000000000000000CA /* Support */,
			);
			path = PTimer;
			sourceTree = "<group>";
		};
		A000000000000000000000C6 /* App */ = {
			isa = PBXGroup;
			children = (
				A00000000000000000000011 /* PTimerApp.swift */,
				A00000000000000000000012 /* ContentView.swift */,
				A000000000000000000000D0 /* Workspace */,
			);
			path = App;
			sourceTree = "<group>";
		};
		A000000000000000000000D0 /* Workspace */ = {
			isa = PBXGroup;
			children = (
				A000000000000000000000D1 /* BottomSheetWorkspaceShell.swift */,
				A000000000000000000000D3 /* BottomSheetWorkspaceStateStore.swift */,
				A000000000000000000000D5 /* BottomSheetWorkspaceMetrics.swift */,
				A000000000000000000000D7 /* BottomSheetWorkspacePresentationAdapter.swift */,
				A000000000000000000000D9 /* BottomSheetWorkspaceSnapshotStore.swift */,
				A000000000000000000000DB /* BottomSheetWorkspaceActions.swift */,
				A000000000000000000000DD /* BottomSheetWorkspaceSnapshot.swift */,
				A00000000000000000000216 /* TimerCardIdentityPresenter.swift */,
			);
			path = Workspace;
			sourceTree = "<group>";
		};
		A000000000000000000000BB /* ExposureCalculator */ = {
			isa = PBXGroup;
			children = (
				A00000000000000000000014 /* ExposureCalculator.swift */,
				A00000000000000000000212 /* CalculatorDefaults.swift */,
				A00000000000000000000101 /* ExposureCalculatorLayoutMetrics.swift */,
				A00000000000000000000013 /* ExposureCalculatorScreen.swift */,
				A00000000000000000000019 /* ExposureCalculatorViewModel.swift */,
				A00000000000000000000159 /* ExposureScale.swift */,
				A00000000000000000000107 /* FilmModeDetailsPresenter.swift */,
				A00000000000000000000148 /* FilmModeDetailsView.swift */,
				A0000000000000000000014A /* WheelPickerContinuousObserver.swift */,
				A00000000000000000000209 /* CameraSlot */,
				A000000000000000000000F0 /* FilmContext */,
				A00000000000000000000127 /* Models */,
				A000000000000000000000B6 /* PresetFilmCatalog.swift */,
				A00000000000000000000103 /* RunningTimerPanelView.swift */,
				A00000000000000000000223 /* TargetShutterDisplayState.swift */,
				A0000000000000000000022F /* TargetShutterInputState.swift */,
				A00000000000000000000225 /* TargetShutterPresenter.swift */,
				A00000000000000000000227 /* TargetShutterSectionView.swift */,
				A00000000000000000000106 /* ViewModelDependencyFactory.swift */,
				A00000000000000000000124 /* WorkspaceCoordinator.swift */,
			);
			path = ExposureCalculator;
			sourceTree = "<group>";
		};
		A00000000000000000000209 /* CameraSlot */ = {
			isa = PBXGroup;
			children = (
				A00000000000000000000201 /* CameraSlotIdentity.swift */,
				A00000000000000000000210 /* CameraSlotCalculatorSnapshot.swift */,
				A00000000000000000000205 /* CameraSlotPageState.swift */,
				A00000000000000000000218 /* PersistentCameraSlotSession.swift */,
				A0000000000000000000021A /* CameraSlotSessionPersistenceController.swift */,
				A00000000000000000000203 /* CameraSlotPagerIndicator.swift */,
				A0000000000000000000021E /* CameraSlotRenameSheet.swift */,
			);
			path = CameraSlot;
			sourceTree = "<group>";
		};
		A00000000000000000000127 /* Models */ = {
			isa = PBXGroup;
			children = (
				A00000000000000000000126 /* CalculatorModel.swift */,
				A00000000000000000000131 /* ReciprocityModel.swift */,
				A00000000000000000000135 /* TimerWorkspaceModel.swift */,
				A00000000000000000000139 /* FilmSelectionModel.swift */,
				A00000000000000000000144 /* RunningTimerItem.swift */,
				A00000000000000000000207 /* CameraSlotSessionModel.swift */,
				A00000000000000000000214 /* ExposureTimerIdentity.swift */,
				A00000000000000000000221 /* TargetShutterModel.swift */,
			);
			path = Models;
			sourceTree = "<group>";
		};
		A000000000000000000000F0 /* FilmContext */ = {
			isa = PBXGroup;
			children = (
				A000000000000000000000F1 /* ExposureCalculatorWorkingContext.swift */,
				A000000000000000000000F3 /* PersistentCalculatorContext.swift */,
				A000000000000000000000F5 /* FilmSelectionDisplayState.swift */,
				A000000000000000000000F7 /* FilmModeResultDisplayStates.swift */,
				A000000000000000000000F9 /* FilmModeDetailsDisplayStates.swift */,
			);
			path = FilmContext;
			sourceTree = "<group>";
		};
		A000000000000000000000C7 /* Reciprocity */ = {
			isa = PBXGroup;
			children = (
				A000000000000000000000AA /* ReciprocityDomain.swift */,
				A000000000000000000000AE /* ReciprocityCalculationPolicy.swift */,
				A000000000000000000000B2 /* ReciprocityConfidencePresentation.swift */,
				A00000000000000000000151 /* ReciprocitySecondaryGuidancePresentation.swift */,
			);
			path = Reciprocity;
			sourceTree = "<group>";
		};
		A000000000000000000000C8 /* Timers */ = {
			isa = PBXGroup;
			children = (
				A00000000000000000000015 /* TimerManager.swift */,
				A0000000000000000000001E /* TimerCompletionNotificationScheduler.swift */,
				A00000000000000000000091 /* LockScreenTimerLiveActivity.swift */,
				A00000000000000000000109 /* LockScreenTimerCoordinator.swift */,
				A000000000000000000000A6 /* CompletedRelativeTimeFormatter.swift */,
				A00000000000000000000145 /* TimerMetadataPersistence.swift */,
			);
			path = Timers;
			sourceTree = "<group>";
		};
		A000000000000000000000C9 /* Resources */ = {
			isa = PBXGroup;
			children = (
				A000000000000000000000C5 /* Assets.xcassets */,
				A000000000000000000000E0 /* LaunchPresetFilmCatalog.json */,
			);
			path = Resources;
			sourceTree = "<group>";
		};
		A000000000000000000000CA /* Support */ = {
			isa = PBXGroup;
			children = (
			);
			path = Support;
			sourceTree = "<group>";
		};
		A00000000000000000000094 /* PTimerWidgets */ = {
			isa = PBXGroup;
			children = (
				A0000000000000000000009D /* Info.plist */,
				A00000000000000000000092 /* PTimerWidgetsBundle.swift */,
				A00000000000000000000093 /* LockScreenTimerTargetWidget.swift */,
			);
			path = PTimerWidgets;
			sourceTree = "<group>";
		};
		A00000000000000000000032 /* Products */ = {
			isa = PBXGroup;
			children = (
				A00000000000000000000010 /* PTimer.app */,
				A00000000000000000000018 /* PTimerTests.xctest */,
				A00000000000000000000090 /* PTimerWidgets.appex */,
			);
			name = Products;
			sourceTree = "<group>";
		};
		A00000000000000000000033 /* PTimerTests */ = {
			isa = PBXGroup;
			children = (
				A000000000000000000000CB /* App */,
				A000000000000000000000BC /* ExposureCalculator */,
				A000000000000000000000CC /* Reciprocity */,
				A000000000000000000000CD /* Timers */,
				A00000000000000000000113 /* Snapshots */,
				A00000000000000000000114 /* RecordReplay */,
			);
			path = PTimerTests;
			sourceTree = "<group>";
		};
		A00000000000000000000113 /* Snapshots */ = {
			isa = PBXGroup;
			children = (
				A00000000000000000000110 /* DisplayStateSnapshot.swift */,
				A00000000000000000000112 /* DisplayStateSnapshotTests.swift */,
			);
			path = Snapshots;
			sourceTree = "<group>";
		};
		A00000000000000000000114 /* RecordReplay */ = {
			isa = PBXGroup;
			children = (
				A00000000000000000000115 /* RecordReplayTrace.swift */,
				A00000000000000000000117 /* RecordReplayBaseline.swift */,
				A00000000000000000000119 /* RecordReplaySpies.swift */,
				A0000000000000000000011B /* RecordReplayHarness.swift */,
				A0000000000000000000011D /* RecordReplayBaselineSmokeTests.swift */,
			);
			path = RecordReplay;
			sourceTree = "<group>";
		};
		A000000000000000000000CB /* App */ = {
			isa = PBXGroup;
			children = (
				A0000000000000000000001D /* BottomSheetWorkspaceShellTests.swift */,
				A000000000000000000000FC /* BottomSheetWorkspaceSnapshotFactoryTests.swift */,
				A000000000000000000000FE /* BottomSheetWorkspaceOrderingTests.swift */,
				A00000000000000000000100 /* BottomSheetIdentityPaletteTests.swift */,
			);
			path = App;
			sourceTree = "<group>";
		};
		A000000000000000000000BC /* ExposureCalculator */ = {
			isa = PBXGroup;
			children = (
				A00000000000000000000016 /* ExposureCalculatorTests.swift */,
				A0000000000000000000001B /* ExposureCalculationAccuracyTests.swift */,
				A0000000000000000000001A /* ExposureCalculatorViewModelTests.swift */,
				A000000000000000000000B8 /* ExposureCalculatorViewModelFilmModeTests.swift */,
				A000000000000000000000BE /* ExposureCalculatorViewModelTimerIntegrationTests.swift */,
				A000000000000000000000CE /* ExposureCalculatorViewModelContextPersistenceTests.swift */,
				A000000000000000000000E3 /* ExposureCalculatorViewModelScenePhaseTests.swift */,
				A000000000000000000000BA /* LaunchPresetFilmCatalogTests.swift */,
				A00000000000000000000157 /* FilmModeDetailsSecondaryGuidancePresenterTests.swift */,
				A00000000000000000000129 /* CalculatorModelTests.swift */,
				A00000000000000000000133 /* ReciprocityModelTests.swift */,
				A00000000000000000000137 /* TimerWorkspaceModelTests.swift */,
				A00000000000000000000141 /* FilmSelectionModelTests.swift */,
				A0000000000000000000014C /* ViewModelDisplayStateBaselineTests.swift */,
				A0000000000000000000014E /* SharedFixtureGoldenTests.swift */,
				A0000000000000000000015B /* ExposureScaleTests.swift */,
				A00000000000000000000161 /* OneThirdStopExposureModeTests.swift */,
				A00000000000000000000163 /* ExposureScaleModeUITests.swift */,
				A0000000000000000000020A /* CameraSlotIdentityTests.swift */,
				A0000000000000000000020C /* CameraSlotSessionModelTests.swift */,
				A0000000000000000000020E /* ExposureCalculatorViewModelCameraSlotsTests.swift */,
				A0000000000000000000021C /* CameraSlotSessionPersistenceTests.swift */,
				A00000000000000000000229 /* TargetShutterModelTests.swift */,
				A0000000000000000000022B /* TargetShutterPresenterTests.swift */,
				A0000000000000000000022D /* ExposureCalculatorViewModelTargetShutterTests.swift */,
				A00000000000000000000231 /* TargetShutterInputStateTests.swift */,
			);
			path = ExposureCalculator;
			sourceTree = "<group>";
		};
		A000000000000000000000CC /* Reciprocity */ = {
			isa = PBXGroup;
			children = (
				A000000000000000000000AC /* ReciprocityDomainTests.swift */,
				A000000000000000000000B0 /* ReciprocityCalculationPolicyTests.swift */,
				A0000000000000000000010C /* ReciprocityCalculationPolicyPerformanceTests.swift */,
				A000000000000000000000B4 /* ReciprocityConfidencePresentationTests.swift */,
				A00000000000000000000153 /* ReciprocitySecondaryGuidancePresentationTests.swift */,
				A00000000000000000000155 /* ReciprocitySecondaryGuidanceCatalogMappingTests.swift */,
				A00000000000000000000233 /* Provia100FFormulaProfileTests.swift */,
				A00000000000000000000237 /* Velvia50FormulaProfileTests.swift */,
				A00000000000000000000239 /* Velvia100FormulaProfileTests.swift */,
				A00000000000000000000241 /* AcrosIIFormulaProfileTests.swift */,
				A00000000000000000000243 /* FormulaProfileTestSupport.swift */,
				A0000000000000000000011F /* ReciprocityResultLegacyShapeBaselineTests.swift */,
				A00000000000000000000121 /* ReciprocityResultCodableTests.swift */,
			);
			path = Reciprocity;
			sourceTree = "<group>";
		};
		A000000000000000000000CD /* Timers */ = {
			isa = PBXGroup;
			children = (
				A00000000000000000000017 /* TimerManagerTests.swift */,
				A0000000000000000000010E /* LockScreenTimerCoordinatorTests.swift */,
				A000000000000000000000A8 /* CompletedRelativeTimeFormatterTests.swift */,
				A00000000000000000000142 /* B4TimerLifecycleBaselineTests.swift */,
			);
			path = Timers;
			sourceTree = "<group>";
		};
/* End PBXGroup section */

/* Begin PBXNativeTarget section */
		A00000000000000000000040 /* PTimer */ = {
			isa = PBXNativeTarget;
			buildConfigurationList = A00000000000000000000050 /* Build configuration list for PBXNativeTarget "PTimer" */;
			buildPhases = (
				A00000000000000000000021 /* Sources */,
				A00000000000000000000020 /* Frameworks */,
				A00000000000000000000022 /* Resources */,
				A00000000000000000000098 /* Embed App Extensions */,
			);
			buildRules = (
			);
			dependencies = (
				A000000000000000000000A4 /* PBXTargetDependency */,
			);
			fileSystemSynchronizedGroups = (
				A00000000000000000000031 /* PTimer */,
			);
			name = PTimer;
			packageProductDependencies = (
			);
			productName = PTimer;
			productReference = A00000000000000000000010 /* PTimer.app */;
			productType = "com.apple.product-type.application";
		};
		A00000000000000000000041 /* PTimerTests */ = {
			isa = PBXNativeTarget;
			buildConfigurationList = A00000000000000000000051 /* Build configuration list for PBXNativeTarget "PTimerTests" */;
			buildPhases = (
				A00000000000000000000024 /* Sources */,
				A00000000000000000000023 /* Frameworks */,
				A00000000000000000000025 /* Resources */,
			);
			buildRules = (
			);
			dependencies = (
				A00000000000000000000081 /* PBXTargetDependency */,
			);
			name = PTimerTests;
			packageProductDependencies = (
			);
			productName = PTimerTests;
			productReference = A00000000000000000000018 /* PTimerTests.xctest */;
			productType = "com.apple.product-type.bundle.unit-test";
		};
		A0000000000000000000009C /* PTimerWidgets */ = {
			isa = PBXNativeTarget;
			buildConfigurationList = A00000000000000000000099 /* Build configuration list for PBXNativeTarget "PTimerWidgets" */;
			buildPhases = (
				A00000000000000000000096 /* Sources */,
				A00000000000000000000095 /* Frameworks */,
				A00000000000000000000097 /* Resources */,
			);
			buildRules = (
			);
			dependencies = (
			);
			fileSystemSynchronizedGroups = (
				A00000000000000000000094 /* PTimerWidgets */,
			);
			name = PTimerWidgets;
			packageProductDependencies = (
			);
			productName = PTimerWidgets;
			productReference = A00000000000000000000090 /* PTimerWidgets.appex */;
			productType = "com.apple.product-type.app-extension";
		};
/* End PBXNativeTarget section */

/* Begin PBXProject section */
		A00000000000000000000060 /* Project object */ = {
			isa = PBXProject;
			attributes = {
				BuildIndependentTargetsInParallel = 1;
				LastSwiftUpdateCheck = 2603;
				LastUpgradeCheck = 2640;
				TargetAttributes = {
					A00000000000000000000040 = {
						CreatedOnToolsVersion = 26.3;
					};
					A00000000000000000000041 = {
						CreatedOnToolsVersion = 26.3;
						TestTargetID = A00000000000000000000040;
					};
					A0000000000000000000009C = {
						CreatedOnToolsVersion = 26.3;
					};
				};
			};
			buildConfigurationList = A00000000000000000000061 /* Build configuration list for PBXProject "PTimer" */;
			developmentRegion = en;
			hasScannedForEncodings = 0;
			knownRegions = (
				en,
				Base,
			);
			mainGroup = A00000000000000000000030;
			minimizedProjectReferenceProxies = 1;
			preferredProjectObjectVersion = 77;
			productRefGroup = A00000000000000000000032 /* Products */;
			projectDirPath = "";
			projectRoot = "";
			targets = (
				A00000000000000000000040 /* PTimer */,
				A00000000000000000000041 /* PTimerTests */,
				A0000000000000000000009C /* PTimerWidgets */,
			);
		};
/* End PBXProject section */

/* Begin PBXResourcesBuildPhase section */
		A00000000000000000000022 /* Resources */ = {
			isa = PBXResourcesBuildPhase;
			buildActionMask = 2147483647;
			files = (
				A000000000000000000000E1 /* LaunchPresetFilmCatalog.json in Resources */,
			);
			runOnlyForDeploymentPostprocessing = 0;
		};
		A00000000000000000000025 /* Resources */ = {
			isa = PBXResourcesBuildPhase;
			buildActionMask = 2147483647;
			files = (
				A000000000000000000000E2 /* LaunchPresetFilmCatalog.json in Resources */,
			);
			runOnlyForDeploymentPostprocessing = 0;
		};
		A00000000000000000000097 /* Resources */ = {
			isa = PBXResourcesBuildPhase;
			buildActionMask = 2147483647;
			files = (
			);
			runOnlyForDeploymentPostprocessing = 0;
		};
/* End PBXResourcesBuildPhase section */

/* Begin PBXSourcesBuildPhase section */
		A00000000000000000000021 /* Sources */ = {
			isa = PBXSourcesBuildPhase;
			buildActionMask = 2147483647;
			files = (
				A00000000000000000000001 /* PTimerApp.swift in Sources */,
				A00000000000000000000002 /* ContentView.swift in Sources */,
				A00000000000000000000003 /* ExposureCalculatorScreen.swift in Sources */,
				A00000000000000000000102 /* ExposureCalculatorLayoutMetrics.swift in Sources */,
				A00000000000000000000104 /* RunningTimerPanelView.swift in Sources */,
				A00000000000000000000004 /* ExposureCalculator.swift in Sources */,
				A00000000000000000000158 /* ExposureScale.swift in Sources */,
				A00000000000000000000005 /* TimerManager.swift in Sources */,
				A0000000000000000000000D /* TimerCompletionNotificationScheduler.swift in Sources */,
				A0000000000000000000000E /* LockScreenTimerLiveActivity.swift in Sources */,
				A0000000000000000000010A /* LockScreenTimerCoordinator.swift in Sources */,
				A00000000000000000000008 /* ExposureCalculatorViewModel.swift in Sources */,
				A00000000000000000000108 /* FilmModeDetailsPresenter.swift in Sources */,
				A00000000000000000000105 /* ViewModelDependencyFactory.swift in Sources */,
				A000000000000000000000A5 /* CompletedRelativeTimeFormatter.swift in Sources */,
				A000000000000000000000D2 /* BottomSheetWorkspaceShell.swift in Sources */,
				A000000000000000000000D4 /* BottomSheetWorkspaceStateStore.swift in Sources */,
				A000000000000000000000D6 /* BottomSheetWorkspaceMetrics.swift in Sources */,
				A000000000000000000000D8 /* BottomSheetWorkspacePresentationAdapter.swift in Sources */,
				A000000000000000000000DA /* BottomSheetWorkspaceSnapshotStore.swift in Sources */,
				A000000000000000000000DC /* BottomSheetWorkspaceActions.swift in Sources */,
				A000000000000000000000DE /* BottomSheetWorkspaceSnapshot.swift in Sources */,
				A000000000000000000000A9 /* ReciprocityDomain.swift in Sources */,
				A000000000000000000000AD /* ReciprocityCalculationPolicy.swift in Sources */,
				A000000000000000000000B1 /* ReciprocityConfidencePresentation.swift in Sources */,
				A00000000000000000000150 /* ReciprocitySecondaryGuidancePresentation.swift in Sources */,
				A000000000000000000000B5 /* PresetFilmCatalog.swift in Sources */,
				A000000000000000000000F2 /* ExposureCalculatorWorkingContext.swift in Sources */,
				A000000000000000000000F4 /* PersistentCalculatorContext.swift in Sources */,
				A000000000000000000000F6 /* FilmSelectionDisplayState.swift in Sources */,
				A000000000000000000000F8 /* FilmModeResultDisplayStates.swift in Sources */,
				A000000000000000000000FA /* FilmModeDetailsDisplayStates.swift in Sources */,
				A00000000000000000000123 /* WorkspaceCoordinator.swift in Sources */,
				A00000000000000000000125 /* CalculatorModel.swift in Sources */,
				A00000000000000000000130 /* ReciprocityModel.swift in Sources */,
				A00000000000000000000134 /* TimerWorkspaceModel.swift in Sources */,
				A00000000000000000000138 /* FilmSelectionModel.swift in Sources */,
				A00000000000000000000146 /* RunningTimerItem.swift in Sources */,
				A00000000000000000000147 /* TimerMetadataPersistence.swift in Sources */,
				A00000000000000000000149 /* FilmModeDetailsView.swift in Sources */,
				A0000000000000000000014B /* WheelPickerContinuousObserver.swift in Sources */,
				A00000000000000000000202 /* CameraSlotIdentity.swift in Sources */,
				A00000000000000000000204 /* CameraSlotPagerIndicator.swift in Sources */,
				A00000000000000000000206 /* CameraSlotPageState.swift in Sources */,
				A00000000000000000000208 /* CameraSlotSessionModel.swift in Sources */,
				A00000000000000000000211 /* CameraSlotCalculatorSnapshot.swift in Sources */,
				A00000000000000000000213 /* CalculatorDefaults.swift in Sources */,
				A00000000000000000000215 /* ExposureTimerIdentity.swift in Sources */,
				A00000000000000000000217 /* TimerCardIdentityPresenter.swift in Sources */,
				A00000000000000000000219 /* PersistentCameraSlotSession.swift in Sources */,
				A0000000000000000000021B /* CameraSlotSessionPersistenceController.swift in Sources */,
				A0000000000000000000021F /* CameraSlotRenameSheet.swift in Sources */,
				A00000000000000000000220 /* TargetShutterModel.swift in Sources */,
				A00000000000000000000222 /* TargetShutterDisplayState.swift in Sources */,
				A00000000000000000000224 /* TargetShutterPresenter.swift in Sources */,
				A00000000000000000000226 /* TargetShutterSectionView.swift in Sources */,
				A0000000000000000000022E /* TargetShutterInputState.swift in Sources */,
			);
			runOnlyForDeploymentPostprocessing = 0;
		};
		A00000000000000000000024 /* Sources */ = {
			isa = PBXSourcesBuildPhase;
			buildActionMask = 2147483647;
			files = (
				A00000000000000000000006 /* ExposureCalculatorTests.swift in Sources */,
				A00000000000000000000007 /* TimerManagerTests.swift in Sources */,
				A0000000000000000000010D /* LockScreenTimerCoordinatorTests.swift in Sources */,
				A0000000000000000000010F /* DisplayStateSnapshot.swift in Sources */,
				A00000000000000000000111 /* DisplayStateSnapshotTests.swift in Sources */,
				A00000000000000000000116 /* RecordReplayTrace.swift in Sources */,
				A00000000000000000000118 /* RecordReplayBaseline.swift in Sources */,
				A0000000000000000000011A /* RecordReplaySpies.swift in Sources */,
				A0000000000000000000011C /* RecordReplayHarness.swift in Sources */,
				A0000000000000000000011E /* RecordReplayBaselineSmokeTests.swift in Sources */,
				A00000000000000000000009 /* ExposureCalculatorViewModelTests.swift in Sources */,
				A000000000000000000000B7 /* ExposureCalculatorViewModelFilmModeTests.swift in Sources */,
				A000000000000000000000BD /* ExposureCalculatorViewModelTimerIntegrationTests.swift in Sources */,
				A000000000000000000000BF /* ExposureCalculatorViewModelContextPersistenceTests.swift in Sources */,
				A000000000000000000000CF /* ExposureCalculatorViewModelScenePhaseTests.swift in Sources */,
				A0000000000000000000000A /* ExposureCalculationAccuracyTests.swift in Sources */,
				A0000000000000000000000C /* BottomSheetWorkspaceShellTests.swift in Sources */,
				A000000000000000000000FB /* BottomSheetWorkspaceSnapshotFactoryTests.swift in Sources */,
				A000000000000000000000FD /* BottomSheetWorkspaceOrderingTests.swift in Sources */,
				A000000000000000000000FF /* BottomSheetIdentityPaletteTests.swift in Sources */,
				A000000000000000000000A7 /* CompletedRelativeTimeFormatterTests.swift in Sources */,
				A000000000000000000000AB /* ReciprocityDomainTests.swift in Sources */,
				A000000000000000000000AF /* ReciprocityCalculationPolicyTests.swift in Sources */,
				A0000000000000000000010B /* ReciprocityCalculationPolicyPerformanceTests.swift in Sources */,
				A00000000000000000000120 /* ReciprocityResultLegacyShapeBaselineTests.swift in Sources */,
				A00000000000000000000122 /* ReciprocityResultCodableTests.swift in Sources */,
				A000000000000000000000B3 /* ReciprocityConfidencePresentationTests.swift in Sources */,
				A00000000000000000000152 /* ReciprocitySecondaryGuidancePresentationTests.swift in Sources */,
				A00000000000000000000154 /* ReciprocitySecondaryGuidanceCatalogMappingTests.swift in Sources */,
				A00000000000000000000232 /* Provia100FFormulaProfileTests.swift in Sources */,
				A00000000000000000000236 /* Velvia50FormulaProfileTests.swift in Sources */,
				A00000000000000000000238 /* Velvia100FormulaProfileTests.swift in Sources */,
				A00000000000000000000240 /* AcrosIIFormulaProfileTests.swift in Sources */,
				A00000000000000000000242 /* FormulaProfileTestSupport.swift in Sources */,
				A000000000000000000000B9 /* LaunchPresetFilmCatalogTests.swift in Sources */,
				A00000000000000000000156 /* FilmModeDetailsSecondaryGuidancePresenterTests.swift in Sources */,
				A00000000000000000000128 /* CalculatorModelTests.swift in Sources */,
				A00000000000000000000132 /* ReciprocityModelTests.swift in Sources */,
				A00000000000000000000136 /* TimerWorkspaceModelTests.swift in Sources */,
				A00000000000000000000140 /* FilmSelectionModelTests.swift in Sources */,
				A00000000000000000000143 /* B4TimerLifecycleBaselineTests.swift in Sources */,
				A0000000000000000000014D /* ViewModelDisplayStateBaselineTests.swift in Sources */,
				A0000000000000000000014F /* SharedFixtureGoldenTests.swift in Sources */,
				A0000000000000000000015A /* ExposureScaleTests.swift in Sources */,
				A00000000000000000000160 /* OneThirdStopExposureModeTests.swift in Sources */,
				A00000000000000000000162 /* ExposureScaleModeUITests.swift in Sources */,
				A0000000000000000000020B /* CameraSlotIdentityTests.swift in Sources */,
				A0000000000000000000020D /* CameraSlotSessionModelTests.swift in Sources */,
				A0000000000000000000020F /* ExposureCalculatorViewModelCameraSlotsTests.swift in Sources */,
				A0000000000000000000021D /* CameraSlotSessionPersistenceTests.swift in Sources */,
				A00000000000000000000228 /* TargetShutterModelTests.swift in Sources */,
				A0000000000000000000022A /* TargetShutterPresenterTests.swift in Sources */,
				A0000000000000000000022C /* ExposureCalculatorViewModelTargetShutterTests.swift in Sources */,
				A00000000000000000000230 /* TargetShutterInputStateTests.swift in Sources */,
			);
			runOnlyForDeploymentPostprocessing = 0;
		};
		A00000000000000000000096 /* Sources */ = {
			isa = PBXSourcesBuildPhase;
			buildActionMask = 2147483647;
			files = (
				A000000000000000000000A0 /* PTimerWidgetsBundle.swift in Sources */,
				A000000000000000000000A1 /* LockScreenTimerTargetWidget.swift in Sources */,
				A0000000000000000000000F /* LockScreenTimerLiveActivity.swift in Sources */,
			);
			runOnlyForDeploymentPostprocessing = 0;
		};
/* End PBXSourcesBuildPhase section */

/* Begin PBXTargetDependency section */
		A00000000000000000000081 /* PBXTargetDependency */ = {
			isa = PBXTargetDependency;
			target = A00000000000000000000040 /* PTimer */;
			targetProxy = A00000000000000000000080 /* PBXContainerItemProxy */;
		};
		A000000000000000000000A4 /* PBXTargetDependency */ = {
			isa = PBXTargetDependency;
			target = A0000000000000000000009C /* PTimerWidgets */;
			targetProxy = A000000000000000000000A3 /* PBXContainerItemProxy */;
		};
/* End PBXTargetDependency section */

/* Begin XCBuildConfiguration section */
		A00000000000000000000070 /* Debug */ = {
			isa = XCBuildConfiguration;
			buildSettings = {
				CODE_SIGN_STYLE = Automatic;
				CURRENT_PROJECT_VERSION = 1;
				ENABLE_PREVIEWS = YES;
				GENERATE_INFOPLIST_FILE = YES;
				INFOPLIST_KEY_CFBundleDisplayName = PTimer;
				INFOPLIST_KEY_NSSupportsLiveActivities = YES;
				INFOPLIST_KEY_UIApplicationSceneManifest_Generation = YES;
				INFOPLIST_KEY_UIApplicationSupportsIndirectInputEvents = YES;
				INFOPLIST_KEY_UILaunchScreen_Generation = YES;
				INFOPLIST_KEY_UISupportedInterfaceOrientations_iPhone = "UIInterfaceOrientationPortrait UIInterfaceOrientationLandscapeLeft UIInterfaceOrientationLandscapeRight";
				IPHONEOS_DEPLOYMENT_TARGET = 17.0;
				LD_RUNPATH_SEARCH_PATHS = (
					"$(inherited)",
					"@executable_path/Frameworks",
				);
				MARKETING_VERSION = 1.0;
				PRODUCT_BUNDLE_IDENTIFIER = com.sangwook.PTimer;
				PRODUCT_NAME = "$(TARGET_NAME)";
				SDKROOT = iphoneos;
				SUPPORTED_PLATFORMS = "iphoneos iphonesimulator";
				SWIFT_EMIT_LOC_STRINGS = YES;
				SWIFT_VERSION = 5.0;
				TARGETED_DEVICE_FAMILY = 1;
			};
			name = Debug;
		};
		A00000000000000000000071 /* Release */ = {
			isa = XCBuildConfiguration;
			buildSettings = {
				CODE_SIGN_STYLE = Automatic;
				CURRENT_PROJECT_VERSION = 1;
				GENERATE_INFOPLIST_FILE = YES;
				INFOPLIST_KEY_CFBundleDisplayName = PTimer;
				INFOPLIST_KEY_NSSupportsLiveActivities = YES;
				INFOPLIST_KEY_UIApplicationSceneManifest_Generation = YES;
				INFOPLIST_KEY_UIApplicationSupportsIndirectInputEvents = YES;
				INFOPLIST_KEY_UILaunchScreen_Generation = YES;
				INFOPLIST_KEY_UISupportedInterfaceOrientations_iPhone = "UIInterfaceOrientationPortrait UIInterfaceOrientationLandscapeLeft UIInterfaceOrientationLandscapeRight";
				IPHONEOS_DEPLOYMENT_TARGET = 17.0;
				LD_RUNPATH_SEARCH_PATHS = (
					"$(inherited)",
					"@executable_path/Frameworks",
				);
				MARKETING_VERSION = 1.0;
				PRODUCT_BUNDLE_IDENTIFIER = com.sangwook.PTimer;
				PRODUCT_NAME = "$(TARGET_NAME)";
				SDKROOT = iphoneos;
				SUPPORTED_PLATFORMS = "iphoneos iphonesimulator";
				SWIFT_EMIT_LOC_STRINGS = YES;
				SWIFT_VERSION = 5.0;
				TARGETED_DEVICE_FAMILY = 1;
			};
			name = Release;
		};
		A00000000000000000000072 /* Debug */ = {
			isa = XCBuildConfiguration;
			buildSettings = {
				ALWAYS_SEARCH_USER_PATHS = NO;
				CLANG_ANALYZER_NONNULL = YES;
				CLANG_ANALYZER_NUMBER_OBJECT_CONVERSION = YES_AGGRESSIVE;
				CLANG_CXX_LANGUAGE_STANDARD = "gnu++20";
				CLANG_ENABLE_MODULES = YES;
				CLANG_ENABLE_OBJC_ARC = YES;
				CLANG_ENABLE_OBJC_WEAK = YES;
				CLANG_WARN_BLOCK_CAPTURE_AUTORELEASING = YES;
				CLANG_WARN_BOOL_CONVERSION = YES;
				CLANG_WARN_COMMA = YES;
				CLANG_WARN_CONSTANT_CONVERSION = YES;
				CLANG_WARN_DEPRECATED_OBJC_IMPLEMENTATIONS = YES;
				CLANG_WARN_DIRECT_OBJC_ISA_USAGE = YES_ERROR;
				CLANG_WARN_DOCUMENTATION_COMMENTS = YES;
				CLANG_WARN_EMPTY_BODY = YES;
				CLANG_WARN_ENUM_CONVERSION = YES;
				CLANG_WARN_INFINITE_RECURSION = YES;
				CLANG_WARN_INT_CONVERSION = YES;
				CLANG_WARN_NON_LITERAL_NULL_CONVERSION = YES;
				CLANG_WARN_OBJC_IMPLICIT_RETAIN_SELF = YES;
				CLANG_WARN_OBJC_LITERAL_CONVERSION = YES;
				CLANG_WARN_OBJC_ROOT_CLASS = YES_ERROR;
				CLANG_WARN_QUOTED_INCLUDE_IN_FRAMEWORK_HEADER = YES;
				CLANG_WARN_RANGE_LOOP_ANALYSIS = YES;
				CLANG_WARN_STRICT_PROTOTYPES = YES;
				CLANG_WARN_SUSPICIOUS_MOVE = YES;
				CLANG_WARN_UNGUARDED_AVAILABILITY = YES_AGGRESSIVE;
				CLANG_WARN_UNREACHABLE_CODE = YES;
				CLANG_WARN__DUPLICATE_METHOD_MATCH = YES;
				COPY_PHASE_STRIP = NO;
				DEBUG_INFORMATION_FORMAT = dwarf;
				DEVELOPMENT_TEAM = ZGHBLMT3UR;
				ENABLE_STRICT_OBJC_MSGSEND = YES;
				ENABLE_TESTABILITY = YES;
				ENABLE_USER_SCRIPT_SANDBOXING = NO;
				GCC_C_LANGUAGE_STANDARD = gnu17;
				GCC_DYNAMIC_NO_PIC = NO;
				GCC_NO_COMMON_BLOCKS = YES;
				GCC_OPTIMIZATION_LEVEL = 0;
				GCC_PREPROCESSOR_DEFINITIONS = (
					"DEBUG=1",
					"$(inherited)",
				);
				GCC_WARN_64_TO_32_BIT_CONVERSION = YES;
				GCC_WARN_ABOUT_RETURN_TYPE = YES_ERROR;
				GCC_WARN_UNDECLARED_SELECTOR = YES;
				GCC_WARN_UNINITIALIZED_AUTOS = YES_AGGRESSIVE;
				GCC_WARN_UNUSED_FUNCTION = YES;
				GCC_WARN_UNUSED_VARIABLE = YES;
				ONLY_ACTIVE_ARCH = YES;
				SDKROOT = iphoneos;
				STRING_CATALOG_GENERATE_SYMBOLS = YES;
				SWIFT_ACTIVE_COMPILATION_CONDITIONS = "DEBUG $(inherited)";
				SWIFT_OPTIMIZATION_LEVEL = "-Onone";
			};
			name = Debug;
		};
		A00000000000000000000073 /* Release */ = {
			isa = XCBuildConfiguration;
			buildSettings = {
				ALWAYS_SEARCH_USER_PATHS = NO;
				CLANG_ANALYZER_NONNULL = YES;
				CLANG_ANALYZER_NUMBER_OBJECT_CONVERSION = YES_AGGRESSIVE;
				CLANG_CXX_LANGUAGE_STANDARD = "gnu++20";
				CLANG_ENABLE_MODULES = YES;
				CLANG_ENABLE_OBJC_ARC = YES;
				CLANG_ENABLE_OBJC_WEAK = YES;
				CLANG_WARN_BLOCK_CAPTURE_AUTORELEASING = YES;
				CLANG_WARN_BOOL_CONVERSION = YES;
				CLANG_WARN_COMMA = YES;
				CLANG_WARN_CONSTANT_CONVERSION = YES;
				CLANG_WARN_DEPRECATED_OBJC_IMPLEMENTATIONS = YES;
				CLANG_WARN_DIRECT_OBJC_ISA_USAGE = YES_ERROR;
				CLANG_WARN_DOCUMENTATION_COMMENTS = YES;
				CLANG_WARN_EMPTY_BODY = YES;
				CLANG_WARN_ENUM_CONVERSION = YES;
				CLANG_WARN_INFINITE_RECURSION = YES;
				CLANG_WARN_INT_CONVERSION = YES;
				CLANG_WARN_NON_LITERAL_NULL_CONVERSION = YES;
				CLANG_WARN_OBJC_IMPLICIT_RETAIN_SELF = YES;
				CLANG_WARN_OBJC_LITERAL_CONVERSION = YES;
				CLANG_WARN_OBJC_ROOT_CLASS = YES_ERROR;
				CLANG_WARN_QUOTED_INCLUDE_IN_FRAMEWORK_HEADER = YES;
				CLANG_WARN_RANGE_LOOP_ANALYSIS = YES;
				CLANG_WARN_STRICT_PROTOTYPES = YES;
				CLANG_WARN_SUSPICIOUS_MOVE = YES;
				CLANG_WARN_UNGUARDED_AVAILABILITY = YES_AGGRESSIVE;
				CLANG_WARN_UNREACHABLE_CODE = YES;
				CLANG_WARN__DUPLICATE_METHOD_MATCH = YES;
				COPY_PHASE_STRIP = NO;
				DEBUG_INFORMATION_FORMAT = "dwarf-with-dsym";
				DEVELOPMENT_TEAM = ZGHBLMT3UR;
				ENABLE_NS_ASSERTIONS = NO;
				ENABLE_STRICT_OBJC_MSGSEND = YES;
				ENABLE_USER_SCRIPT_SANDBOXING = NO;
				GCC_C_LANGUAGE_STANDARD = gnu17;
				GCC_NO_COMMON_BLOCKS = YES;
				GCC_WARN_64_TO_32_BIT_CONVERSION = YES;
				GCC_WARN_ABOUT_RETURN_TYPE = YES_ERROR;
				GCC_WARN_UNDECLARED_SELECTOR = YES;
				GCC_WARN_UNINITIALIZED_AUTOS = YES_AGGRESSIVE;
				GCC_WARN_UNUSED_FUNCTION = YES;
				GCC_WARN_UNUSED_VARIABLE = YES;
				SDKROOT = iphoneos;
				STRING_CATALOG_GENERATE_SYMBOLS = YES;
				SWIFT_COMPILATION_MODE = wholemodule;
				VALIDATE_PRODUCT = YES;
			};
			name = Release;
		};
		A00000000000000000000074 /* Debug */ = {
			isa = XCBuildConfiguration;
			buildSettings = {
				BUNDLE_LOADER = "$(TEST_HOST)";
				"CODE_SIGN_IDENTITY[sdk=macosx*]" = "Apple Development";
				CODE_SIGN_STYLE = Automatic;
				CURRENT_PROJECT_VERSION = 1;
				GENERATE_INFOPLIST_FILE = YES;
				IPHONEOS_DEPLOYMENT_TARGET = 17.0;
				MARKETING_VERSION = 1.0;
				PRODUCT_BUNDLE_IDENTIFIER = com.sangwook.PTimerTests;
				PRODUCT_NAME = "$(TARGET_NAME)";
				SDKROOT = iphoneos;
				SUPPORTED_PLATFORMS = "iphoneos iphonesimulator";
				SWIFT_EMIT_LOC_STRINGS = NO;
				SWIFT_VERSION = 5.0;
				TARGETED_DEVICE_FAMILY = 1;
				TEST_HOST = "$(BUILT_PRODUCTS_DIR)/PTimer.app/$(BUNDLE_EXECUTABLE_FOLDER_PATH)/PTimer";
			};
			name = Debug;
		};
		A00000000000000000000075 /* Release */ = {
			isa = XCBuildConfiguration;
			buildSettings = {
				BUNDLE_LOADER = "$(TEST_HOST)";
				"CODE_SIGN_IDENTITY[sdk=macosx*]" = "Apple Development";
				CODE_SIGN_STYLE = Automatic;
				CURRENT_PROJECT_VERSION = 1;
				GENERATE_INFOPLIST_FILE = YES;
				IPHONEOS_DEPLOYMENT_TARGET = 17.0;
				MARKETING_VERSION = 1.0;
				PRODUCT_BUNDLE_IDENTIFIER = com.sangwook.PTimerTests;
				PRODUCT_NAME = "$(TARGET_NAME)";
				SDKROOT = iphoneos;
				SUPPORTED_PLATFORMS = "iphoneos iphonesimulator";
				SWIFT_EMIT_LOC_STRINGS = NO;
				SWIFT_VERSION = 5.0;
				TARGETED_DEVICE_FAMILY = 1;
				TEST_HOST = "$(BUILT_PRODUCTS_DIR)/PTimer.app/$(BUNDLE_EXECUTABLE_FOLDER_PATH)/PTimer";
			};
			name = Release;
		};
		A0000000000000000000009A /* Debug */ = {
			isa = XCBuildConfiguration;
			buildSettings = {
				APPLICATION_EXTENSION_API_ONLY = YES;
				CODE_SIGN_STYLE = Automatic;
				CURRENT_PROJECT_VERSION = 1;
				DEVELOPMENT_TEAM = ZGHBLMT3UR;
				GENERATE_INFOPLIST_FILE = NO;
				INFOPLIST_FILE = PTimerWidgets/Info.plist;
				IPHONEOS_DEPLOYMENT_TARGET = 17.0;
				LD_RUNPATH_SEARCH_PATHS = (
					"$(inherited)",
					"@executable_path/Frameworks",
					"@executable_path/../../Frameworks",
				);
				MARKETING_VERSION = 1.0;
				PRODUCT_BUNDLE_IDENTIFIER = com.sangwook.PTimer.PTimerWidgets;
				PRODUCT_NAME = "$(TARGET_NAME)";
				SDKROOT = iphoneos;
				SKIP_INSTALL = YES;
				SUPPORTED_PLATFORMS = "iphoneos iphonesimulator";
				SWIFT_EMIT_LOC_STRINGS = YES;
				SWIFT_VERSION = 5.0;
				TARGETED_DEVICE_FAMILY = 1;
			};
			name = Debug;
		};
		A0000000000000000000009B /* Release */ = {
			isa = XCBuildConfiguration;
			buildSettings = {
				APPLICATION_EXTENSION_API_ONLY = YES;
				CODE_SIGN_STYLE = Automatic;
				CURRENT_PROJECT_VERSION = 1;
				DEVELOPMENT_TEAM = ZGHBLMT3UR;
				GENERATE_INFOPLIST_FILE = NO;
				INFOPLIST_FILE = PTimerWidgets/Info.plist;
				IPHONEOS_DEPLOYMENT_TARGET = 17.0;
				LD_RUNPATH_SEARCH_PATHS = (
					"$(inherited)",
					"@executable_path/Frameworks",
					"@executable_path/../../Frameworks",
				);
				MARKETING_VERSION = 1.0;
				PRODUCT_BUNDLE_IDENTIFIER = com.sangwook.PTimer.PTimerWidgets;
				PRODUCT_NAME = "$(TARGET_NAME)";
				SDKROOT = iphoneos;
				SKIP_INSTALL = YES;
				SUPPORTED_PLATFORMS = "iphoneos iphonesimulator";
				SWIFT_EMIT_LOC_STRINGS = YES;
				SWIFT_VERSION = 5.0;
				TARGETED_DEVICE_FAMILY = 1;
			};
			name = Release;
		};
/* End XCBuildConfiguration section */

/* Begin XCConfigurationList section */
		A00000000000000000000050 /* Build configuration list for PBXNativeTarget "PTimer" */ = {
			isa = XCConfigurationList;
			buildConfigurations = (
				A00000000000000000000070 /* Debug */,
				A00000000000000000000071 /* Release */,
			);
			defaultConfigurationIsVisible = 0;
			defaultConfigurationName = Release;
		};
		A00000000000000000000051 /* Build configuration list for PBXNativeTarget "PTimerTests" */ = {
			isa = XCConfigurationList;
			buildConfigurations = (
				A00000000000000000000074 /* Debug */,
				A00000000000000000000075 /* Release */,
			);
			defaultConfigurationIsVisible = 0;
			defaultConfigurationName = Release;
		};
		A00000000000000000000061 /* Build configuration list for PBXProject "PTimer" */ = {
			isa = XCConfigurationList;
			buildConfigurations = (
				A00000000000000000000072 /* Debug */,
				A00000000000000000000073 /* Release */,
			);
			defaultConfigurationIsVisible = 0;
			defaultConfigurationName = Release;
		};
		A00000000000000000000099 /* Build configuration list for PBXNativeTarget "PTimerWidgets" */ = {
			isa = XCConfigurationList;
			buildConfigurations = (
				A0000000000000000000009A /* Debug */,
				A0000000000000000000009B /* Release */,
			);
			defaultConfigurationIsVisible = 0;
			defaultConfigurationName = Release;
		};
/* End XCConfigurationList section */
	};
	rootObject = A00000000000000000000060 /* Project object */;
}
