// !$*UTF8*$!
{
	archiveVersion = 1;
	classes = {
	};
	objectVersion = 77;
	objects = {

/* Begin PBXBuildFile section */
		A00000000000000000000001 /* PTimerApp.swift in Sources */ = {isa = PBXBuildFile; fileRef = A00000000000000000000011 /* PTimerApp.swift */; };
		A00000000000000000000002 /* ContentView.swift in Sources */ = {isa = PBXBuildFile; fileRef = A00000000000000000000012 /* ContentView.swift */; };
		A00000000000000000000003 /* ExposureCalculatorScreen.swift in Sources */ = {isa = PBXBuildFile; fileRef = A00000000000000000000013 /* ExposureCalculatorScreen.swift */; };
		A00000000000000000000004 /* ExposureCalculator.swift in Sources */ = {isa = PBXBuildFile; fileRef = A00000000000000000000014 /* ExposureCalculator.swift */; };
		A00000000000000000000005 /* TimerManager.swift in Sources */ = {isa = PBXBuildFile; fileRef = A00000000000000000000015 /* TimerManager.swift */; };
		A00000000000000000000006 /* ExposureCalculatorTests.swift in Sources */ = {isa = PBXBuildFile; fileRef = A00000000000000000000016 /* ExposureCalculatorTests.swift */; };
		A00000000000000000000007 /* TimerManagerTests.swift in Sources */ = {isa = PBXBuildFile; fileRef = A00000000000000000000017 /* TimerManagerTests.swift */; };
		A00000000000000000000008 /* ExposureCalculatorViewModel.swift in Sources */ = {isa = PBXBuildFile; fileRef = A00000000000000000000019 /* ExposureCalculatorViewModel.swift */; };
		A00000000000000000000009 /* ExposureCalculatorViewModelTests.swift in Sources */ = {isa = PBXBuildFile; fileRef = A0000000000000000000001A /* ExposureCalculatorViewModelTests.swift */; };
		A0000000000000000000000A /* ExposureCalculationAccuracyTests.swift in Sources */ = {isa = PBXBuildFile; fileRef = A0000000000000000000001B /* ExposureCalculationAccuracyTests.swift */; };
/* End PBXBuildFile section */

/* Begin PBXContainerItemProxy section */
		A00000000000000000000080 /* PBXContainerItemProxy */ = {
			isa = PBXContainerItemProxy;
			containerPortal = A00000000000000000000060 /* Project object */;
			proxyType = 1;
			remoteGlobalIDString = A00000000000000000000040;
			remoteInfo = PTimer;
		};
/* End PBXContainerItemProxy section */

/* Begin PBXFileReference section */
		A00000000000000000000010 /* PTimer.app */ = {isa = PBXFileReference; explicitFileType = wrapper.application; includeInIndex = 0; path = PTimer.app; sourceTree = BUILT_PRODUCTS_DIR; };
		A00000000000000000000011 /* PTimerApp.swift */ = {isa = PBXFileReference; lastKnownFileType = sourcecode.swift; path = PTimerApp.swift; sourceTree = "<group>"; };
		A00000000000000000000012 /* ContentView.swift */ = {isa = PBXFileReference; lastKnownFileType = sourcecode.swift; path = ContentView.swift; sourceTree = "<group>"; };
		A00000000000000000000013 /* ExposureCalculatorScreen.swift */ = {isa = PBXFileReference; lastKnownFileType = sourcecode.swift; path = ExposureCalculatorScreen.swift; sourceTree = "<group>"; };
		A00000000000000000000014 /* ExposureCalculator.swift */ = {isa = PBXFileReference; lastKnownFileType = sourcecode.swift; path = ExposureCalculator.swift; sourceTree = "<group>"; };
		A00000000000000000000015 /* TimerManager.swift */ = {isa = PBXFileReference; lastKnownFileType = sourcecode.swift; path = TimerManager.swift; sourceTree = "<group>"; };
		A00000000000000000000016 /* ExposureCalculatorTests.swift */ = {isa = PBXFileReference; lastKnownFileType = sourcecode.swift; path = ExposureCalculatorTests.swift; sourceTree = "<group>"; };
		A00000000000000000000017 /* TimerManagerTests.swift */ = {isa = PBXFileReference; lastKnownFileType = sourcecode.swift; path = TimerManagerTests.swift; sourceTree = "<group>"; };
		A00000000000000000000018 /* PTimerTests.xctest */ = {isa = PBXFileReference; explicitFileType = wrapper.cfbundle; includeInIndex = 0; path = PTimerTests.xctest; sourceTree = BUILT_PRODUCTS_DIR; };
		A00000000000000000000019 /* ExposureCalculatorViewModel.swift */ = {isa = PBXFileReference; lastKnownFileType = sourcecode.swift; path = ExposureCalculatorViewModel.swift; sourceTree = "<group>"; };
		A0000000000000000000001A /* ExposureCalculatorViewModelTests.swift */ = {isa = PBXFileReference; lastKnownFileType = sourcecode.swift; path = ExposureCalculatorViewModelTests.swift; sourceTree = "<group>"; };
		A0000000000000000000001B /* ExposureCalculationAccuracyTests.swift */ = {isa = PBXFileReference; lastKnownFileType = sourcecode.swift; path = ExposureCalculationAccuracyTests.swift; sourceTree = "<group>"; };
		F2683D862F7A020F009BCD7F /* PTimer.xctestplan */ = {isa = PBXFileReference; lastKnownFileType = text; path = PTimer.xctestplan; sourceTree = "<group>"; };
/* End PBXFileReference section */

/* Begin PBXFrameworksBuildPhase section */
		A00000000000000000000020 /* Frameworks */ = {
			isa = PBXFrameworksBuildPhase;
			buildActionMask = 2147483647;
			files = (
			);
			runOnlyForDeploymentPostprocessing = 0;
		};
		A00000000000000000000023 /* Frameworks */ = {
			isa = PBXFrameworksBuildPhase;
			buildActionMask = 2147483647;
			files = (
			);
			runOnlyForDeploymentPostprocessing = 0;
		};
/* End PBXFrameworksBuildPhase section */

/* Begin PBXGroup section */
		A00000000000000000000030 = {
			isa = PBXGroup;
			children = (
				F2683D862F7A020F009BCD7F /* PTimer.xctestplan */,
				A00000000000000000000031 /* PTimer */,
				A00000000000000000000033 /* PTimerTests */,
				A00000000000000000000032 /* Products */,
			);
			sourceTree = "<group>";
		};
		A00000000000000000000031 /* PTimer */ = {
			isa = PBXGroup;
			children = (
				A00000000000000000000011 /* PTimerApp.swift */,
				A00000000000000000000012 /* ContentView.swift */,
				A00000000000000000000013 /* ExposureCalculatorScreen.swift */,
				A00000000000000000000014 /* ExposureCalculator.swift */,
				A00000000000000000000015 /* TimerManager.swift */,
				A00000000000000000000019 /* ExposureCalculatorViewModel.swift */,
			);
			path = PTimer;
			sourceTree = "<group>";
		};
		A00000000000000000000032 /* Products */ = {
			isa = PBXGroup;
			children = (
				A00000000000000000000010 /* PTimer.app */,
				A00000000000000000000018 /* PTimerTests.xctest */,
			);
			name = Products;
			sourceTree = "<group>";
		};
		A00000000000000000000033 /* PTimerTests */ = {
			isa = PBXGroup;
			children = (
				A00000000000000000000016 /* ExposureCalculatorTests.swift */,
				A00000000000000000000017 /* TimerManagerTests.swift */,
				A0000000000000000000001A /* ExposureCalculatorViewModelTests.swift */,
				A0000000000000000000001B /* ExposureCalculationAccuracyTests.swift */,
			);
			path = PTimerTests;
			sourceTree = "<group>";
		};
/* End PBXGroup section */

/* Begin PBXNativeTarget section */
		A00000000000000000000040 /* PTimer */ = {
			isa = PBXNativeTarget;
			buildConfigurationList = A00000000000000000000050 /* Build configuration list for PBXNativeTarget "PTimer" */;
			buildPhases = (
				A00000000000000000000021 /* Sources */,
				A00000000000000000000020 /* Frameworks */,
				A00000000000000000000022 /* Resources */,
			);
			buildRules = (
			);
			dependencies = (
			);
			fileSystemSynchronizedGroups = (
				A00000000000000000000031 /* PTimer */,
			);
			name = PTimer;
			packageProductDependencies = (
			);
			productName = PTimer;
			productReference = A00000000000000000000010 /* PTimer.app */;
			productType = "com.apple.product-type.application";
		};
		A00000000000000000000041 /* PTimerTests */ = {
			isa = PBXNativeTarget;
			buildConfigurationList = A00000000000000000000051 /* Build configuration list for PBXNativeTarget "PTimerTests" */;
			buildPhases = (
				A00000000000000000000024 /* Sources */,
				A00000000000000000000023 /* Frameworks */,
				A00000000000000000000025 /* Resources */,
			);
			buildRules = (
			);
			dependencies = (
				A00000000000000000000081 /* PBXTargetDependency */,
			);
			name = PTimerTests;
			packageProductDependencies = (
			);
			productName = PTimerTests;
			productReference = A00000000000000000000018 /* PTimerTests.xctest */;
			productType = "com.apple.product-type.bundle.unit-test";
		};
/* End PBXNativeTarget section */

/* Begin PBXProject section */
		A00000000000000000000060 /* Project object */ = {
			isa = PBXProject;
			attributes = {
				BuildIndependentTargetsInParallel = 1;
				LastSwiftUpdateCheck = 2603;
				LastUpgradeCheck = 2640;
				TargetAttributes = {
					A00000000000000000000040 = {
						CreatedOnToolsVersion = 26.3;
					};
					A00000000000000000000041 = {
						CreatedOnToolsVersion = 26.3;
						TestTargetID = A00000000000000000000040;
					};
				};
			};
			buildConfigurationList = A00000000000000000000061 /* Build configuration list for PBXProject "PTimer" */;
			developmentRegion = en;
			hasScannedForEncodings = 0;
			knownRegions = (
				en,
				Base,
			);
			mainGroup = A00000000000000000000030;
			minimizedProjectReferenceProxies = 1;
			preferredProjectObjectVersion = 77;
			productRefGroup = A00000000000000000000032 /* Products */;
			projectDirPath = "";
			projectRoot = "";
			targets = (
				A00000000000000000000040 /* PTimer */,
				A00000000000000000000041 /* PTimerTests */,
			);
		};
/* End PBXProject section */

/* Begin PBXResourcesBuildPhase section */
		A00000000000000000000022 /* Resources */ = {
			isa = PBXResourcesBuildPhase;
			buildActionMask = 2147483647;
			files = (
			);
			runOnlyForDeploymentPostprocessing = 0;
		};
		A00000000000000000000025 /* Resources */ = {
			isa = PBXResourcesBuildPhase;
			buildActionMask = 2147483647;
			files = (
			);
			runOnlyForDeploymentPostprocessing = 0;
		};
/* End PBXResourcesBuildPhase section */

/* Begin PBXSourcesBuildPhase section */
		A00000000000000000000021 /* Sources */ = {
			isa = PBXSourcesBuildPhase;
			buildActionMask = 2147483647;
			files = (
				A00000000000000000000001 /* PTimerApp.swift in Sources */,
				A00000000000000000000002 /* ContentView.swift in Sources */,
				A00000000000000000000003 /* ExposureCalculatorScreen.swift in Sources */,
				A00000000000000000000004 /* ExposureCalculator.swift in Sources */,
				A00000000000000000000005 /* TimerManager.swift in Sources */,
				A00000000000000000000008 /* ExposureCalculatorViewModel.swift in Sources */,
			);
			runOnlyForDeploymentPostprocessing = 0;
		};
		A00000000000000000000024 /* Sources */ = {
			isa = PBXSourcesBuildPhase;
			buildActionMask = 2147483647;
			files = (
				A00000000000000000000006 /* ExposureCalculatorTests.swift in Sources */,
				A00000000000000000000007 /* TimerManagerTests.swift in Sources */,
				A00000000000000000000009 /* ExposureCalculatorViewModelTests.swift in Sources */,
				A0000000000000000000000A /* ExposureCalculationAccuracyTests.swift in Sources */,
			);
			runOnlyForDeploymentPostprocessing = 0;
		};
/* End PBXSourcesBuildPhase section */

/* Begin PBXTargetDependency section */
		A00000000000000000000081 /* PBXTargetDependency */ = {
			isa = PBXTargetDependency;
			target = A00000000000000000000040 /* PTimer */;
			targetProxy = A00000000000000000000080 /* PBXContainerItemProxy */;
		};
/* End PBXTargetDependency section */

/* Begin XCBuildConfiguration section */
		A00000000000000000000070 /* Debug */ = {
			isa = XCBuildConfiguration;
			buildSettings = {
				CODE_SIGN_STYLE = Automatic;
				CURRENT_PROJECT_VERSION = 1;
				ENABLE_PREVIEWS = YES;
				GENERATE_INFOPLIST_FILE = YES;
				INFOPLIST_KEY_CFBundleDisplayName = PTimer;
				INFOPLIST_KEY_UIApplicationSceneManifest_Generation = YES;
				INFOPLIST_KEY_UIApplicationSupportsIndirectInputEvents = YES;
				INFOPLIST_KEY_UILaunchScreen_Generation = YES;
				INFOPLIST_KEY_UISupportedInterfaceOrientations_iPhone = "UIInterfaceOrientationPortrait UIInterfaceOrientationLandscapeLeft UIInterfaceOrientationLandscapeRight";
				IPHONEOS_DEPLOYMENT_TARGET = 17.0;
				LD_RUNPATH_SEARCH_PATHS = (
					"$(inherited)",
					"@executable_path/Frameworks",
				);
				MARKETING_VERSION = 1.0;
				PRODUCT_BUNDLE_IDENTIFIER = com.sangwook.PTimer;
				PRODUCT_NAME = "$(TARGET_NAME)";
				SDKROOT = iphoneos;
				SUPPORTED_PLATFORMS = "iphoneos iphonesimulator";
				SWIFT_EMIT_LOC_STRINGS = YES;
				SWIFT_VERSION = 5.0;
				TARGETED_DEVICE_FAMILY = 1;
			};
			name = Debug;
		};
		A00000000000000000000071 /* Release */ = {
			isa = XCBuildConfiguration;
			buildSettings = {
				CODE_SIGN_STYLE = Automatic;
				CURRENT_PROJECT_VERSION = 1;
				GENERATE_INFOPLIST_FILE = YES;
				INFOPLIST_KEY_CFBundleDisplayName = PTimer;
				INFOPLIST_KEY_UIApplicationSceneManifest_Generation = YES;
				INFOPLIST_KEY_UIApplicationSupportsIndirectInputEvents = YES;
				INFOPLIST_KEY_UILaunchScreen_Generation = YES;
				INFOPLIST_KEY_UISupportedInterfaceOrientations_iPhone = "UIInterfaceOrientationPortrait UIInterfaceOrientationLandscapeLeft UIInterfaceOrientationLandscapeRight";
				IPHONEOS_DEPLOYMENT_TARGET = 17.0;
				LD_RUNPATH_SEARCH_PATHS = (
					"$(inherited)",
					"@executable_path/Frameworks",
				);
				MARKETING_VERSION = 1.0;
				PRODUCT_BUNDLE_IDENTIFIER = com.sangwook.PTimer;
				PRODUCT_NAME = "$(TARGET_NAME)";
				SDKROOT = iphoneos;
				SUPPORTED_PLATFORMS = "iphoneos iphonesimulator";
				SWIFT_EMIT_LOC_STRINGS = YES;
				SWIFT_VERSION = 5.0;
				TARGETED_DEVICE_FAMILY = 1;
			};
			name = Release;
		};
		A00000000000000000000072 /* Debug */ = {
			isa = XCBuildConfiguration;
			buildSettings = {
				ALWAYS_SEARCH_USER_PATHS = NO;
				CLANG_ANALYZER_NONNULL = YES;
				CLANG_ANALYZER_NUMBER_OBJECT_CONVERSION = YES_AGGRESSIVE;
				CLANG_CXX_LANGUAGE_STANDARD = "gnu++20";
				CLANG_ENABLE_MODULES = YES;
				CLANG_ENABLE_OBJC_ARC = YES;
				CLANG_ENABLE_OBJC_WEAK = YES;
				CLANG_WARN_BLOCK_CAPTURE_AUTORELEASING = YES;
				CLANG_WARN_BOOL_CONVERSION = YES;
				CLANG_WARN_COMMA = YES;
				CLANG_WARN_CONSTANT_CONVERSION = YES;
				CLANG_WARN_DEPRECATED_OBJC_IMPLEMENTATIONS = YES;
				CLANG_WARN_DIRECT_OBJC_ISA_USAGE = YES_ERROR;
				CLANG_WARN_DOCUMENTATION_COMMENTS = YES;
				CLANG_WARN_EMPTY_BODY = YES;
				CLANG_WARN_ENUM_CONVERSION = YES;
				CLANG_WARN_INFINITE_RECURSION = YES;
				CLANG_WARN_INT_CONVERSION = YES;
				CLANG_WARN_NON_LITERAL_NULL_CONVERSION = YES;
				CLANG_WARN_OBJC_IMPLICIT_RETAIN_SELF = YES;
				CLANG_WARN_OBJC_LITERAL_CONVERSION = YES;
				CLANG_WARN_OBJC_ROOT_CLASS = YES_ERROR;
				CLANG_WARN_QUOTED_INCLUDE_IN_FRAMEWORK_HEADER = YES;
				CLANG_WARN_RANGE_LOOP_ANALYSIS = YES;
				CLANG_WARN_STRICT_PROTOTYPES = YES;
				CLANG_WARN_SUSPICIOUS_MOVE = YES;
				CLANG_WARN_UNGUARDED_AVAILABILITY = YES_AGGRESSIVE;
				CLANG_WARN_UNREACHABLE_CODE = YES;
				CLANG_WARN__DUPLICATE_METHOD_MATCH = YES;
				COPY_PHASE_STRIP = NO;
				DEBUG_INFORMATION_FORMAT = dwarf;
				DEVELOPMENT_TEAM = ZGHBLMT3UR;
				ENABLE_STRICT_OBJC_MSGSEND = YES;
				ENABLE_TESTABILITY = YES;
				ENABLE_USER_SCRIPT_SANDBOXING = YES;
				GCC_C_LANGUAGE_STANDARD = gnu17;
				GCC_DYNAMIC_NO_PIC = NO;
				GCC_NO_COMMON_BLOCKS = YES;
				GCC_OPTIMIZATION_LEVEL = 0;
				GCC_PREPROCESSOR_DEFINITIONS = (
					"DEBUG=1",
					"$(inherited)",
				);
				GCC_WARN_64_TO_32_BIT_CONVERSION = YES;
				GCC_WARN_ABOUT_RETURN_TYPE = YES_ERROR;
				GCC_WARN_UNDECLARED_SELECTOR = YES;
				GCC_WARN_UNINITIALIZED_AUTOS = YES_AGGRESSIVE;
				GCC_WARN_UNUSED_FUNCTION = YES;
				GCC_WARN_UNUSED_VARIABLE = YES;
				ONLY_ACTIVE_ARCH = YES;
				SDKROOT = iphoneos;
				STRING_CATALOG_GENERATE_SYMBOLS = YES;
				SWIFT_ACTIVE_COMPILATION_CONDITIONS = "DEBUG $(inherited)";
				SWIFT_OPTIMIZATION_LEVEL = "-Onone";
			};
			name = Debug;
		};
		A00000000000000000000073 /* Release */ = {
			isa = XCBuildConfiguration;
			buildSettings = {
				ALWAYS_SEARCH_USER_PATHS = NO;
				CLANG_ANALYZER_NONNULL = YES;
				CLANG_ANALYZER_NUMBER_OBJECT_CONVERSION = YES_AGGRESSIVE;
				CLANG_CXX_LANGUAGE_STANDARD = "gnu++20";
				CLANG_ENABLE_MODULES = YES;
				CLANG_ENABLE_OBJC_ARC = YES;
				CLANG_ENABLE_OBJC_WEAK = YES;
				CLANG_WARN_BLOCK_CAPTURE_AUTORELEASING = YES;
				CLANG_WARN_BOOL_CONVERSION = YES;
				CLANG_WARN_COMMA = YES;
				CLANG_WARN_CONSTANT_CONVERSION = YES;
				CLANG_WARN_DEPRECATED_OBJC_IMPLEMENTATIONS = YES;
				CLANG_WARN_DIRECT_OBJC_ISA_USAGE = YES_ERROR;
				CLANG_WARN_DOCUMENTATION_COMMENTS = YES;
				CLANG_WARN_EMPTY_BODY = YES;
				CLANG_WARN_ENUM_CONVERSION = YES;
				CLANG_WARN_INFINITE_RECURSION = YES;
				CLANG_WARN_INT_CONVERSION = YES;
				CLANG_WARN_NON_LITERAL_NULL_CONVERSION = YES;
				CLANG_WARN_OBJC_IMPLICIT_RETAIN_SELF = YES;
				CLANG_WARN_OBJC_LITERAL_CONVERSION = YES;
				CLANG_WARN_OBJC_ROOT_CLASS = YES_ERROR;
				CLANG_WARN_QUOTED_INCLUDE_IN_FRAMEWORK_HEADER = YES;
				CLANG_WARN_RANGE_LOOP_ANALYSIS = YES;
				CLANG_WARN_STRICT_PROTOTYPES = YES;
				CLANG_WARN_SUSPICIOUS_MOVE = YES;
				CLANG_WARN_UNGUARDED_AVAILABILITY = YES_AGGRESSIVE;
				CLANG_WARN_UNREACHABLE_CODE = YES;
				CLANG_WARN__DUPLICATE_METHOD_MATCH = YES;
				COPY_PHASE_STRIP = NO;
				DEBUG_INFORMATION_FORMAT = "dwarf-with-dsym";
				DEVELOPMENT_TEAM = ZGHBLMT3UR;
				ENABLE_NS_ASSERTIONS = NO;
				ENABLE_STRICT_OBJC_MSGSEND = YES;
				ENABLE_USER_SCRIPT_SANDBOXING = YES;
				GCC_C_LANGUAGE_STANDARD = gnu17;
				GCC_NO_COMMON_BLOCKS = YES;
				GCC_WARN_64_TO_32_BIT_CONVERSION = YES;
				GCC_WARN_ABOUT_RETURN_TYPE = YES_ERROR;
				GCC_WARN_UNDECLARED_SELECTOR = YES;
				GCC_WARN_UNINITIALIZED_AUTOS = YES_AGGRESSIVE;
				GCC_WARN_UNUSED_FUNCTION = YES;
				GCC_WARN_UNUSED_VARIABLE = YES;
				SDKROOT = iphoneos;
				STRING_CATALOG_GENERATE_SYMBOLS = YES;
				SWIFT_COMPILATION_MODE = wholemodule;
				VALIDATE_PRODUCT = YES;
			};
			name = Release;
		};
		A00000000000000000000074 /* Debug */ = {
			isa = XCBuildConfiguration;
			buildSettings = {
				BUNDLE_LOADER = "$(TEST_HOST)";
				"CODE_SIGN_IDENTITY[sdk=macosx*]" = "Apple Development";
				CODE_SIGN_STYLE = Automatic;
				CURRENT_PROJECT_VERSION = 1;
				GENERATE_INFOPLIST_FILE = YES;
				IPHONEOS_DEPLOYMENT_TARGET = 17.0;
				MARKETING_VERSION = 1.0;
				PRODUCT_BUNDLE_IDENTIFIER = com.sangwook.PTimerTests;
				PRODUCT_NAME = "$(TARGET_NAME)";
				SDKROOT = iphoneos;
				SUPPORTED_PLATFORMS = "iphoneos iphonesimulator";
				SWIFT_EMIT_LOC_STRINGS = NO;
				SWIFT_VERSION = 5.0;
				TARGETED_DEVICE_FAMILY = 1;
				TEST_HOST = "$(BUILT_PRODUCTS_DIR)/PTimer.app/$(BUNDLE_EXECUTABLE_FOLDER_PATH)/PTimer";
			};
			name = Debug;
		};
		A00000000000000000000075 /* Release */ = {
			isa = XCBuildConfiguration;
			buildSettings = {
				BUNDLE_LOADER = "$(TEST_HOST)";
				"CODE_SIGN_IDENTITY[sdk=macosx*]" = "Apple Development";
				CODE_SIGN_STYLE = Automatic;
				CURRENT_PROJECT_VERSION = 1;
				GENERATE_INFOPLIST_FILE = YES;
				IPHONEOS_DEPLOYMENT_TARGET = 17.0;
				MARKETING_VERSION = 1.0;
				PRODUCT_BUNDLE_IDENTIFIER = com.sangwook.PTimerTests;
				PRODUCT_NAME = "$(TARGET_NAME)";
				SDKROOT = iphoneos;
				SUPPORTED_PLATFORMS = "iphoneos iphonesimulator";
				SWIFT_EMIT_LOC_STRINGS = NO;
				SWIFT_VERSION = 5.0;
				TARGETED_DEVICE_FAMILY = 1;
				TEST_HOST = "$(BUILT_PRODUCTS_DIR)/PTimer.app/$(BUNDLE_EXECUTABLE_FOLDER_PATH)/PTimer";
			};
			name = Release;
		};
/* End XCBuildConfiguration section */

/* Begin XCConfigurationList section */
		A00000000000000000000050 /* Build configuration list for PBXNativeTarget "PTimer" */ = {
			isa = XCConfigurationList;
			buildConfigurations = (
				A00000000000000000000070 /* Debug */,
				A00000000000000000000071 /* Release */,
			);
			defaultConfigurationIsVisible = 0;
			defaultConfigurationName = Release;
		};
		A00000000000000000000051 /* Build configuration list for PBXNativeTarget "PTimerTests" */ = {
			isa = XCConfigurationList;
			buildConfigurations = (
				A00000000000000000000074 /* Debug */,
				A00000000000000000000075 /* Release */,
			);
			defaultConfigurationIsVisible = 0;
			defaultConfigurationName = Release;
		};
		A00000000000000000000061 /* Build configuration list for PBXProject "PTimer" */ = {
			isa = XCConfigurationList;
			buildConfigurations = (
				A00000000000000000000072 /* Debug */,
				A00000000000000000000073 /* Release */,
			);
			defaultConfigurationIsVisible = 0;
			defaultConfigurationName = Release;
		};
/* End XCConfigurationList section */
	};
	rootObject = A00000000000000000000060 /* Project object */;
}
