// !$*UTF8*$!
{
	archiveVersion = 1;
	classes = {
	};
	objectVersion = 77;
	objects = {

/* Begin PBXBuildFile section */
		A00000000000000000000001 /* PTimerApp.swift in Sources */ = {isa = PBXBuildFile; fileRef = A00000000000000000000011 /* PTimerApp.swift */; };
		A00000000000000000000002 /* ContentView.swift in Sources */ = {isa = PBXBuildFile; fileRef = A00000000000000000000012 /* ContentView.swift */; };
		A00000000000000000000A84 /* PTimerAboutView.swift in Sources */ = {isa = PBXBuildFile; fileRef = A00000000000000000000A83 /* PTimerAboutView.swift */; };
		A00000000000000000000003 /* ExposureCalculatorScreen.swift in Sources */ = {isa = PBXBuildFile; fileRef = A00000000000000000000013 /* ExposureCalculatorScreen.swift */; };
		A00000000000000000000005 /* TimerManager.swift in Sources */ = {isa = PBXBuildFile; fileRef = A00000000000000000000015 /* TimerManager.swift */; };
		A00000000000000000000007 /* TimerManagerTests.swift in Sources */ = {isa = PBXBuildFile; fileRef = A00000000000000000000017 /* TimerManagerTests.swift */; };
		A0000000000000000000000C /* BottomSheetWorkspaceShellTests.swift in Sources */ = {isa = PBXBuildFile; fileRef = A0000000000000000000001D /* BottomSheetWorkspaceShellTests.swift */; };
		A0000000000000000000000D /* TimerCompletionNotificationScheduler.swift in Sources */ = {isa = PBXBuildFile; fileRef = A0000000000000000000001E /* TimerCompletionNotificationScheduler.swift */; };
		A0000000000000000000000E /* LockScreenTimerLiveActivity.swift in Sources */ = {isa = PBXBuildFile; fileRef = A00000000000000000000091 /* LockScreenTimerLiveActivity.swift */; };
		A0000000000000000000000F /* LockScreenTimerLiveActivity.swift in Sources */ = {isa = PBXBuildFile; fileRef = A00000000000000000000091 /* LockScreenTimerLiveActivity.swift */; };
		A000000000000000000000A0 /* PTimerWidgetsBundle.swift in Sources */ = {isa = PBXBuildFile; fileRef = A00000000000000000000092 /* PTimerWidgetsBundle.swift */; };
		A000000000000000000000A1 /* LockScreenTimerTargetWidget.swift in Sources */ = {isa = PBXBuildFile; fileRef = A00000000000000000000093 /* LockScreenTimerTargetWidget.swift */; };
		A000000000000000000000A2 /* PTimerWidgets.appex in Embed App Extensions */ = {isa = PBXBuildFile; fileRef = A00000000000000000000090 /* PTimerWidgets.appex */; settings = {ATTRIBUTES = (RemoveHeadersOnCopy, ); }; };
		A000000000000000000000BF /* ExposureCalculatorViewModelContextPersistenceTests.swift in Sources */ = {isa = PBXBuildFile; fileRef = A000000000000000000000CE /* ExposureCalculatorViewModelContextPersistenceTests.swift */; };
		A000000000000000000000D2 /* BottomSheetWorkspaceShell.swift in Sources */ = {isa = PBXBuildFile; fileRef = A000000000000000000000D1 /* BottomSheetWorkspaceShell.swift */; };
		A00000000000000000000102 /* ExposureCalculatorLayoutMetrics.swift in Sources */ = {isa = PBXBuildFile; fileRef = A00000000000000000000101 /* ExposureCalculatorLayoutMetrics.swift */; };
		A00000000000000000000104 /* RunningTimerPanelView.swift in Sources */ = {isa = PBXBuildFile; fileRef = A00000000000000000000103 /* RunningTimerPanelView.swift */; };
		A00000000000000000000105 /* ViewModelDependencyFactory.swift in Sources */ = {isa = PBXBuildFile; fileRef = A00000000000000000000106 /* ViewModelDependencyFactory.swift */; };
		A00000000000000000000116 /* RecordReplayTrace.swift in Sources */ = {isa = PBXBuildFile; fileRef = A00000000000000000000115 /* RecordReplayTrace.swift */; };
		A00000000000000000000118 /* RecordReplayBaseline.swift in Sources */ = {isa = PBXBuildFile; fileRef = A00000000000000000000117 /* RecordReplayBaseline.swift */; };
		A0000000000000000000011A /* RecordReplaySpies.swift in Sources */ = {isa = PBXBuildFile; fileRef = A00000000000000000000119 /* RecordReplaySpies.swift */; };
		A0000000000000000000011C /* RecordReplayHarness.swift in Sources */ = {isa = PBXBuildFile; fileRef = A0000000000000000000011B /* RecordReplayHarness.swift */; };
		A0000000000000000000011E /* RecordReplayBaselineSmokeTests.swift in Sources */ = {isa = PBXBuildFile; fileRef = A0000000000000000000011D /* RecordReplayBaselineSmokeTests.swift */; };
		A00000000000000000000143 /* B4TimerLifecycleBaselineTests.swift in Sources */ = {isa = PBXBuildFile; fileRef = A00000000000000000000142 /* B4TimerLifecycleBaselineTests.swift */; };
		A00000000000000000000147 /* UserDefaultsTimerMetadataStore.swift in Sources */ = {isa = PBXBuildFile; fileRef = A00000000000000000000145 /* UserDefaultsTimerMetadataStore.swift */; };
		A00000000000000000000149 /* FilmModeDetailsView.swift in Sources */ = {isa = PBXBuildFile; fileRef = A00000000000000000000148 /* FilmModeDetailsView.swift */; };
		A0000000000000000000014B /* WheelPickerContinuousObserver.swift in Sources */ = {isa = PBXBuildFile; fileRef = A0000000000000000000014A /* WheelPickerContinuousObserver.swift */; };
		A0000000000000000000014D /* NDWheelPickerView.swift in Sources */ = {isa = PBXBuildFile; fileRef = A0000000000000000000014C /* NDWheelPickerView.swift */; };
		A00000000000000000000204 /* CameraSlotPagerIndicator.swift in Sources */ = {isa = PBXBuildFile; fileRef = A00000000000000000000203 /* CameraSlotPagerIndicator.swift */; };
		A0000000000000000000021F /* CameraSlotRenameSheet.swift in Sources */ = {isa = PBXBuildFile; fileRef = A0000000000000000000021E /* CameraSlotRenameSheet.swift */; };
		A00000000000000000000226 /* TargetShutterSectionView.swift in Sources */ = {isa = PBXBuildFile; fileRef = A00000000000000000000227 /* TargetShutterSectionView.swift */; };
		A00000000000000000000300 /* Assets.xcassets in Resources */ = {isa = PBXBuildFile; fileRef = A000000000000000000000C5 /* Assets.xcassets */; };
		A00000000000000000000F02 /* Localizable.xcstrings in Resources */ = {isa = PBXBuildFile; fileRef = A00000000000000000000F01 /* Localizable.xcstrings */; };
		A00000000000000000000A92 /* LaunchScreen.storyboard in Resources */ = {isa = PBXBuildFile; fileRef = A00000000000000000000A91 /* LaunchScreen.storyboard */; };
		A00000000000000000000811 /* ExposureWorkspaceMainLayoutStyle.swift in Sources */ = {isa = PBXBuildFile; fileRef = A00000000000000000000810 /* ExposureWorkspaceMainLayoutStyle.swift */; };
		A00000000000000000000813 /* FilmSelectorOverlayView.swift in Sources */ = {isa = PBXBuildFile; fileRef = A00000000000000000000812 /* FilmSelectorOverlayView.swift */; };
		A00000000000000000000815 /* ExposureCalculatorResultViews.swift in Sources */ = {isa = PBXBuildFile; fileRef = A00000000000000000000814 /* ExposureCalculatorResultViews.swift */; };
		A00000000000000000000900 /* TimerManagerTestSupport.swift in Sources */ = {isa = PBXBuildFile; fileRef = A00000000000000000000901 /* TimerManagerTestSupport.swift */; };
		A00000000000000000000902 /* TimerManagerCompletionAlertTests.swift in Sources */ = {isa = PBXBuildFile; fileRef = A00000000000000000000903 /* TimerManagerCompletionAlertTests.swift */; };
		A0000000000000000000B0B0 /* SilentModeAdvisoryTests.swift in Sources */ = {isa = PBXBuildFile; fileRef = A0000000000000000000B0B1 /* SilentModeAdvisoryTests.swift */; };
		A00000000000000000000904 /* TimerManagerNotificationSchedulingTests.swift in Sources */ = {isa = PBXBuildFile; fileRef = A00000000000000000000905 /* TimerManagerNotificationSchedulingTests.swift */; };
		A00000000000000000000906 /* TimerManagerReconcileTests.swift in Sources */ = {isa = PBXBuildFile; fileRef = A00000000000000000000907 /* TimerManagerReconcileTests.swift */; };
		A00000000000000000000908 /* TimerManagerPauseResumeTests.swift in Sources */ = {isa = PBXBuildFile; fileRef = A00000000000000000000909 /* TimerManagerPauseResumeTests.swift */; };
		A0000000000000000000090A /* TimerManagerPersistenceRestoreTests.swift in Sources */ = {isa = PBXBuildFile; fileRef = A0000000000000000000090B /* TimerManagerPersistenceRestoreTests.swift */; };
		A00000000000000000000D03 /* TimerPersistenceQuarantineTests.swift in Sources */ = {isa = PBXBuildFile; fileRef = A00000000000000000000D04 /* TimerPersistenceQuarantineTests.swift */; };
		A0000000000000000000091C /* CalculatorTimerLockScreenTests.swift in Sources */ = {isa = PBXBuildFile; fileRef = A0000000000000000000091D /* CalculatorTimerLockScreenTests.swift */; };
		A00000000000000000000920 /* BottomSheetWorkspaceShellTestSupport.swift in Sources */ = {isa = PBXBuildFile; fileRef = A00000000000000000000921 /* BottomSheetWorkspaceShellTestSupport.swift */; };
		A00000000000000000000926 /* BottomSheetWorkspaceLayoutMetricsTests.swift in Sources */ = {isa = PBXBuildFile; fileRef = A00000000000000000000927 /* BottomSheetWorkspaceLayoutMetricsTests.swift */; };
		A00000000000000000000950 /* StagedNotificationSchedulerTests.swift in Sources */ = {isa = PBXBuildFile; fileRef = A00000000000000000000951 /* StagedNotificationSchedulerTests.swift */; };
		A00000000000000000000960 /* CustomFilmEditorView.swift in Sources */ = {isa = PBXBuildFile; fileRef = A00000000000000000000961 /* CustomFilmEditorView.swift */; };
		A0000000000000000000096A /* UserDefaultsCustomFilmLibraryStore.swift in Sources */ = {isa = PBXBuildFile; fileRef = A0000000000000000000096B /* UserDefaultsCustomFilmLibraryStore.swift */; };
		A0000000000000000000096C /* PersistentCustomFilmLibraryTests.swift in Sources */ = {isa = PBXBuildFile; fileRef = A0000000000000000000096D /* PersistentCustomFilmLibraryTests.swift */; };
		A00000000000000000000D01 /* CustomFilmLibraryQuarantineTests.swift in Sources */ = {isa = PBXBuildFile; fileRef = A00000000000000000000D02 /* CustomFilmLibraryQuarantineTests.swift */; };
		A000000000000000000009A0 /* TimerAlarmAudioPlayer.swift in Sources */ = {isa = PBXBuildFile; fileRef = A000000000000000000009A1 /* TimerAlarmAudioPlayer.swift */; };
		A0000000000000000000B0A0 /* SilentModeAdvisory.swift in Sources */ = {isa = PBXBuildFile; fileRef = A0000000000000000000B0A1 /* SilentModeAdvisory.swift */; };
		A00000000000000000000B90 /* CustomFilmEditorLiveCheckView.swift in Sources */ = {isa = PBXBuildFile; fileRef = A00000000000000000000B91 /* CustomFilmEditorLiveCheckView.swift */; };
		A00000000000000000000B92 /* CustomFilmEditorFieldSheets.swift in Sources */ = {isa = PBXBuildFile; fileRef = A00000000000000000000B93 /* CustomFilmEditorFieldSheets.swift */; };
		A00000000000000000000B9E /* CustomFilmEditorPolishTests.swift in Sources */ = {isa = PBXBuildFile; fileRef = A00000000000000000000B9F /* CustomFilmEditorPolishTests.swift */; };
		A0000000000000000000FF01 /* CustomFilmEditorFittedFormulaSection.swift in Sources */ = {isa = PBXBuildFile; fileRef = A0000000000000000000FF02 /* CustomFilmEditorFittedFormulaSection.swift */; };
		EE0000000000000000000003 /* PTimerCore in Frameworks */ = {isa = PBXBuildFile; productRef = EE0000000000000000000002 /* PTimerCore */; };
		EE0000000000000000000005 /* PTimerKit in Frameworks */ = {isa = PBXBuildFile; productRef = EE0000000000000000000004 /* PTimerKit */; };
		EE0000000000000000000006 /* PTimerCore in Frameworks */ = {isa = PBXBuildFile; productRef = EE0000000000000000000002 /* PTimerCore */; };
		EE0000000000000000000007 /* PTimerKit in Frameworks */ = {isa = PBXBuildFile; productRef = EE0000000000000000000004 /* PTimerKit */; };
		EE0000000000000000000008 /* PTimerCore in Frameworks */ = {isa = PBXBuildFile; productRef = EE0000000000000000000002 /* PTimerCore */; };
		EE0000000000000000000011 /* UserDefaultsCalculatorContextStore.swift in Sources */ = {isa = PBXBuildFile; fileRef = EE0000000000000000000010 /* UserDefaultsCalculatorContextStore.swift */; };
		EE0000000000000000000013 /* UserDefaultsCameraSlotSessionStore.swift in Sources */ = {isa = PBXBuildFile; fileRef = EE0000000000000000000012 /* UserDefaultsCameraSlotSessionStore.swift */; };
		EE0000000000000000000C92 /* CustomFilmTestSupport.swift in Sources */ = {isa = PBXBuildFile; fileRef = EE0000000000000000000C93 /* CustomFilmTestSupport.swift */; };
		EE000000000000000000D001 /* UserDefaultsDisplaySettingStore.swift in Sources */ = {isa = PBXBuildFile; fileRef = EE000000000000000000D000 /* UserDefaultsDisplaySettingStore.swift */; };
/* End PBXBuildFile section */

/* Begin PBXContainerItemProxy section */
		A00000000000000000000080 /* PBXContainerItemProxy */ = {
			isa = PBXContainerItemProxy;
			containerPortal = A00000000000000000000060 /* Project object */;
			proxyType = 1;
			remoteGlobalIDString = A00000000000000000000040;
			remoteInfo = PTimer;
		};
		A000000000000000000000A3 /* PBXContainerItemProxy */ = {
			isa = PBXContainerItemProxy;
			containerPortal = A00000000000000000000060 /* Project object */;
			proxyType = 1;
			remoteGlobalIDString = A0000000000000000000009C;
			remoteInfo = PTimerWidgets;
		};
/* End PBXContainerItemProxy section */

/* Begin PBXCopyFilesBuildPhase section */
		A00000000000000000000098 /* Embed App Extensions */ = {
			isa = PBXCopyFilesBuildPhase;
			buildActionMask = 2147483647;
			dstPath = "";
			dstSubfolderSpec = 13;
			files = (
				A000000000000000000000A2 /* PTimerWidgets.appex in Embed App Extensions */,
			);
			name = "Embed App Extensions";
			runOnlyForDeploymentPostprocessing = 0;
		};
/* End PBXCopyFilesBuildPhase section */

/* Begin PBXFileReference section */
		A00000000000000000000010 /* PTimer.app */ = {isa = PBXFileReference; explicitFileType = wrapper.application; includeInIndex = 0; path = PTimer.app; sourceTree = BUILT_PRODUCTS_DIR; };
		A00000000000000000000011 /* PTimerApp.swift */ = {isa = PBXFileReference; lastKnownFileType = sourcecode.swift; path = PTimerApp.swift; sourceTree = "<group>"; };
		A00000000000000000000012 /* ContentView.swift */ = {isa = PBXFileReference; lastKnownFileType = sourcecode.swift; path = ContentView.swift; sourceTree = "<group>"; };
		A00000000000000000000A83 /* PTimerAboutView.swift */ = {isa = PBXFileReference; lastKnownFileType = sourcecode.swift; path = PTimerAboutView.swift; sourceTree = "<group>"; };
		A00000000000000000000013 /* ExposureCalculatorScreen.swift */ = {isa = PBXFileReference; lastKnownFileType = sourcecode.swift; path = ExposureCalculatorScreen.swift; sourceTree = "<group>"; };
		A00000000000000000000015 /* TimerManager.swift */ = {isa = PBXFileReference; lastKnownFileType = sourcecode.swift; path = TimerManager.swift; sourceTree = "<group>"; };
		A00000000000000000000017 /* TimerManagerTests.swift */ = {isa = PBXFileReference; lastKnownFileType = sourcecode.swift; path = TimerManagerTests.swift; sourceTree = "<group>"; };
		A00000000000000000000018 /* PTimerTests.xctest */ = {isa = PBXFileReference; explicitFileType = wrapper.cfbundle; includeInIndex = 0; path = PTimerTests.xctest; sourceTree = BUILT_PRODUCTS_DIR; };
		A0000000000000000000001D /* BottomSheetWorkspaceShellTests.swift */ = {isa = PBXFileReference; lastKnownFileType = sourcecode.swift; path = BottomSheetWorkspaceShellTests.swift; sourceTree = "<group>"; };
		A0000000000000000000001E /* TimerCompletionNotificationScheduler.swift */ = {isa = PBXFileReference; lastKnownFileType = sourcecode.swift; path = TimerCompletionNotificationScheduler.swift; sourceTree = "<group>"; };
		A00000000000000000000090 /* PTimerWidgets.appex */ = {isa = PBXFileReference; explicitFileType = "wrapper.app-extension"; includeInIndex = 0; path = PTimerWidgets.appex; sourceTree = BUILT_PRODUCTS_DIR; };
		A00000000000000000000091 /* LockScreenTimerLiveActivity.swift */ = {isa = PBXFileReference; lastKnownFileType = sourcecode.swift; path = LockScreenTimerLiveActivity.swift; sourceTree = "<group>"; };
		A00000000000000000000092 /* PTimerWidgetsBundle.swift */ = {isa = PBXFileReference; lastKnownFileType = sourcecode.swift; path = PTimerWidgetsBundle.swift; sourceTree = "<group>"; };
		A00000000000000000000093 /* LockScreenTimerTargetWidget.swift */ = {isa = PBXFileReference; lastKnownFileType = sourcecode.swift; path = LockScreenTimerTargetWidget.swift; sourceTree = "<group>"; };
		A0000000000000000000009D /* Info.plist */ = {isa = PBXFileReference; lastKnownFileType = text.plist.xml; path = Info.plist; sourceTree = "<group>"; };
		A000000000000000000000C5 /* Assets.xcassets */ = {isa = PBXFileReference; lastKnownFileType = folder.assetcatalog; path = Assets.xcassets; sourceTree = "<group>"; };
		A00000000000000000000F01 /* Localizable.xcstrings */ = {isa = PBXFileReference; lastKnownFileType = text.json.xcstrings; path = Localizable.xcstrings; sourceTree = "<group>"; };
		A00000000000000000000A91 /* LaunchScreen.storyboard */ = {isa = PBXFileReference; lastKnownFileType = file.storyboard; path = LaunchScreen.storyboard; sourceTree = "<group>"; };
		A000000000000000000000CE /* ExposureCalculatorViewModelContextPersistenceTests.swift */ = {isa = PBXFileReference; lastKnownFileType = sourcecode.swift; path = ExposureCalculatorViewModelContextPersistenceTests.swift; sourceTree = "<group>"; };
		A000000000000000000000D1 /* BottomSheetWorkspaceShell.swift */ = {isa = PBXFileReference; lastKnownFileType = sourcecode.swift; path = BottomSheetWorkspaceShell.swift; sourceTree = "<group>"; };
		A00000000000000000000101 /* ExposureCalculatorLayoutMetrics.swift */ = {isa = PBXFileReference; lastKnownFileType = sourcecode.swift; path = ExposureCalculatorLayoutMetrics.swift; sourceTree = "<group>"; };
		A00000000000000000000103 /* RunningTimerPanelView.swift */ = {isa = PBXFileReference; lastKnownFileType = sourcecode.swift; path = RunningTimerPanelView.swift; sourceTree = "<group>"; };
		A00000000000000000000106 /* ViewModelDependencyFactory.swift */ = {isa = PBXFileReference; lastKnownFileType = sourcecode.swift; path = ViewModelDependencyFactory.swift; sourceTree = "<group>"; };
		A00000000000000000000115 /* RecordReplayTrace.swift */ = {isa = PBXFileReference; lastKnownFileType = sourcecode.swift; path = RecordReplayTrace.swift; sourceTree = "<group>"; };
		A00000000000000000000117 /* RecordReplayBaseline.swift */ = {isa = PBXFileReference; lastKnownFileType = sourcecode.swift; path = RecordReplayBaseline.swift; sourceTree = "<group>"; };
		A00000000000000000000119 /* RecordReplaySpies.swift */ = {isa = PBXFileReference; lastKnownFileType = sourcecode.swift; path = RecordReplaySpies.swift; sourceTree = "<group>"; };
		A0000000000000000000011B /* RecordReplayHarness.swift */ = {isa = PBXFileReference; lastKnownFileType = sourcecode.swift; path = RecordReplayHarness.swift; sourceTree = "<group>"; };
		A0000000000000000000011D /* RecordReplayBaselineSmokeTests.swift */ = {isa = PBXFileReference; lastKnownFileType = sourcecode.swift; path = RecordReplayBaselineSmokeTests.swift; sourceTree = "<group>"; };
		A00000000000000000000142 /* B4TimerLifecycleBaselineTests.swift */ = {isa = PBXFileReference; lastKnownFileType = sourcecode.swift; path = B4TimerLifecycleBaselineTests.swift; sourceTree = "<group>"; };
		A00000000000000000000145 /* UserDefaultsTimerMetadataStore.swift */ = {isa = PBXFileReference; lastKnownFileType = sourcecode.swift; path = UserDefaultsTimerMetadataStore.swift; sourceTree = "<group>"; };
		A00000000000000000000148 /* FilmModeDetailsView.swift */ = {isa = PBXFileReference; lastKnownFileType = sourcecode.swift; path = FilmModeDetailsView.swift; sourceTree = "<group>"; };
		A0000000000000000000014A /* WheelPickerContinuousObserver.swift */ = {isa = PBXFileReference; lastKnownFileType = sourcecode.swift; path = WheelPickerContinuousObserver.swift; sourceTree = "<group>"; };
		A0000000000000000000014C /* NDWheelPickerView.swift */ = {isa = PBXFileReference; lastKnownFileType = sourcecode.swift; path = NDWheelPickerView.swift; sourceTree = "<group>"; };
		A00000000000000000000200 /* docs */ = {isa = PBXFileReference; lastKnownFileType = folder; name = docs; path = ../docs; sourceTree = "<group>"; };
		A00000000000000000000203 /* CameraSlotPagerIndicator.swift */ = {isa = PBXFileReference; lastKnownFileType = sourcecode.swift; path = CameraSlotPagerIndicator.swift; sourceTree = "<group>"; };
		A0000000000000000000021E /* CameraSlotRenameSheet.swift */ = {isa = PBXFileReference; lastKnownFileType = sourcecode.swift; path = CameraSlotRenameSheet.swift; sourceTree = "<group>"; };
		A00000000000000000000227 /* TargetShutterSectionView.swift */ = {isa = PBXFileReference; lastKnownFileType = sourcecode.swift; path = TargetShutterSectionView.swift; sourceTree = "<group>"; };
		A00000000000000000000810 /* ExposureWorkspaceMainLayoutStyle.swift */ = {isa = PBXFileReference; lastKnownFileType = sourcecode.swift; path = ExposureWorkspaceMainLayoutStyle.swift; sourceTree = "<group>"; };
		A00000000000000000000812 /* FilmSelectorOverlayView.swift */ = {isa = PBXFileReference; lastKnownFileType = sourcecode.swift; path = FilmSelectorOverlayView.swift; sourceTree = "<group>"; };
		A00000000000000000000814 /* ExposureCalculatorResultViews.swift */ = {isa = PBXFileReference; lastKnownFileType = sourcecode.swift; path = ExposureCalculatorResultViews.swift; sourceTree = "<group>"; };
		A00000000000000000000901 /* TimerManagerTestSupport.swift */ = {isa = PBXFileReference; lastKnownFileType = sourcecode.swift; path = TimerManagerTestSupport.swift; sourceTree = "<group>"; };
		A00000000000000000000903 /* TimerManagerCompletionAlertTests.swift */ = {isa = PBXFileReference; lastKnownFileType = sourcecode.swift; path = TimerManagerCompletionAlertTests.swift; sourceTree = "<group>"; };
		A0000000000000000000B0B1 /* SilentModeAdvisoryTests.swift */ = {isa = PBXFileReference; lastKnownFileType = sourcecode.swift; path = SilentModeAdvisoryTests.swift; sourceTree = "<group>"; };
		A00000000000000000000905 /* TimerManagerNotificationSchedulingTests.swift */ = {isa = PBXFileReference; lastKnownFileType = sourcecode.swift; path = TimerManagerNotificationSchedulingTests.swift; sourceTree = "<group>"; };
		A00000000000000000000907 /* TimerManagerReconcileTests.swift */ = {isa = PBXFileReference; lastKnownFileType = sourcecode.swift; path = TimerManagerReconcileTests.swift; sourceTree = "<group>"; };
		A00000000000000000000909 /* TimerManagerPauseResumeTests.swift */ = {isa = PBXFileReference; lastKnownFileType = sourcecode.swift; path = TimerManagerPauseResumeTests.swift; sourceTree = "<group>"; };
		A0000000000000000000090B /* TimerManagerPersistenceRestoreTests.swift */ = {isa = PBXFileReference; lastKnownFileType = sourcecode.swift; path = TimerManagerPersistenceRestoreTests.swift; sourceTree = "<group>"; };
		A00000000000000000000D04 /* TimerPersistenceQuarantineTests.swift */ = {isa = PBXFileReference; lastKnownFileType = sourcecode.swift; path = TimerPersistenceQuarantineTests.swift; sourceTree = "<group>"; };
		A0000000000000000000091D /* CalculatorTimerLockScreenTests.swift */ = {isa = PBXFileReference; lastKnownFileType = sourcecode.swift; path = CalculatorTimerLockScreenTests.swift; sourceTree = "<group>"; };
		A00000000000000000000921 /* BottomSheetWorkspaceShellTestSupport.swift */ = {isa = PBXFileReference; lastKnownFileType = sourcecode.swift; path = BottomSheetWorkspaceShellTestSupport.swift; sourceTree = "<group>"; };
		A00000000000000000000927 /* BottomSheetWorkspaceLayoutMetricsTests.swift */ = {isa = PBXFileReference; lastKnownFileType = sourcecode.swift; path = BottomSheetWorkspaceLayoutMetricsTests.swift; sourceTree = "<group>"; };
		A00000000000000000000951 /* StagedNotificationSchedulerTests.swift */ = {isa = PBXFileReference; lastKnownFileType = sourcecode.swift; path = StagedNotificationSchedulerTests.swift; sourceTree = "<group>"; };
		A00000000000000000000961 /* CustomFilmEditorView.swift */ = {isa = PBXFileReference; lastKnownFileType = sourcecode.swift; path = CustomFilmEditorView.swift; sourceTree = "<group>"; };
		A0000000000000000000096B /* UserDefaultsCustomFilmLibraryStore.swift */ = {isa = PBXFileReference; lastKnownFileType = sourcecode.swift; path = UserDefaultsCustomFilmLibraryStore.swift; sourceTree = "<group>"; };
		A0000000000000000000096D /* PersistentCustomFilmLibraryTests.swift */ = {isa = PBXFileReference; lastKnownFileType = sourcecode.swift; path = PersistentCustomFilmLibraryTests.swift; sourceTree = "<group>"; };
		A00000000000000000000D02 /* CustomFilmLibraryQuarantineTests.swift */ = {isa = PBXFileReference; lastKnownFileType = sourcecode.swift; path = CustomFilmLibraryQuarantineTests.swift; sourceTree = "<group>"; };
		A000000000000000000009A1 /* TimerAlarmAudioPlayer.swift */ = {isa = PBXFileReference; lastKnownFileType = sourcecode.swift; path = TimerAlarmAudioPlayer.swift; sourceTree = "<group>"; };
		A0000000000000000000B0A1 /* SilentModeAdvisory.swift */ = {isa = PBXFileReference; lastKnownFileType = sourcecode.swift; path = SilentModeAdvisory.swift; sourceTree = "<group>"; };
		A00000000000000000000B91 /* CustomFilmEditorLiveCheckView.swift */ = {isa = PBXFileReference; lastKnownFileType = sourcecode.swift; path = CustomFilmEditorLiveCheckView.swift; sourceTree = "<group>"; };
		A00000000000000000000B93 /* CustomFilmEditorFieldSheets.swift */ = {isa = PBXFileReference; lastKnownFileType = sourcecode.swift; path = CustomFilmEditorFieldSheets.swift; sourceTree = "<group>"; };
		A00000000000000000000B9F /* CustomFilmEditorPolishTests.swift */ = {isa = PBXFileReference; lastKnownFileType = sourcecode.swift; path = CustomFilmEditorPolishTests.swift; sourceTree = "<group>"; };
		A0000000000000000000EF01 /* Config/Signing.xcconfig */ = {isa = PBXFileReference; lastKnownFileType = text.xcconfig; path = Config/Signing.xcconfig; sourceTree = "<group>"; };
		A0000000000000000000FF02 /* CustomFilmEditorFittedFormulaSection.swift */ = {isa = PBXFileReference; lastKnownFileType = sourcecode.swift; path = CustomFilmEditorFittedFormulaSection.swift; sourceTree = "<group>"; };
		EE0000000000000000000010 /* UserDefaultsCalculatorContextStore.swift */ = {isa = PBXFileReference; lastKnownFileType = sourcecode.swift; path = UserDefaultsCalculatorContextStore.swift; sourceTree = "<group>"; };
		EE0000000000000000000012 /* UserDefaultsCameraSlotSessionStore.swift */ = {isa = PBXFileReference; lastKnownFileType = sourcecode.swift; path = UserDefaultsCameraSlotSessionStore.swift; sourceTree = "<group>"; };
		EE0000000000000000000C93 /* CustomFilmTestSupport.swift */ = {isa = PBXFileReference; lastKnownFileType = sourcecode.swift; path = CustomFilmTestSupport.swift; sourceTree = "<group>"; };
		EE000000000000000000D000 /* UserDefaultsDisplaySettingStore.swift */ = {isa = PBXFileReference; lastKnownFileType = sourcecode.swift; path = UserDefaultsDisplaySettingStore.swift; sourceTree = "<group>"; };
		F2683D862F7A020F009BCD7F /* PTimer.xctestplan */ = {isa = PBXFileReference; lastKnownFileType = text; path = PTimer.xctestplan; sourceTree = "<group>"; };
/* End PBXFileReference section */

/* Begin PBXFrameworksBuildPhase section */
		A00000000000000000000020 /* Frameworks */ = {
			isa = PBXFrameworksBuildPhase;
			buildActionMask = 2147483647;
			files = (
				EE0000000000000000000003 /* PTimerCore in Frameworks */,
				EE0000000000000000000005 /* PTimerKit in Frameworks */,
			);
			runOnlyForDeploymentPostprocessing = 0;
		};
		A00000000000000000000023 /* Frameworks */ = {
			isa = PBXFrameworksBuildPhase;
			buildActionMask = 2147483647;
			files = (
				EE0000000000000000000006 /* PTimerCore in Frameworks */,
				EE0000000000000000000007 /* PTimerKit in Frameworks */,
			);
			runOnlyForDeploymentPostprocessing = 0;
		};
		A00000000000000000000095 /* Frameworks */ = {
			isa = PBXFrameworksBuildPhase;
			buildActionMask = 2147483647;
			files = (
				EE0000000000000000000008 /* PTimerCore in Frameworks */,
			);
			runOnlyForDeploymentPostprocessing = 0;
		};
/* End PBXFrameworksBuildPhase section */

/* Begin PBXGroup section */
		A00000000000000000000030 = {
			isa = PBXGroup;
			children = (
				F2683D862F7A020F009BCD7F /* PTimer.xctestplan */,
				A0000000000000000000EF01 /* Config/Signing.xcconfig */,
				A00000000000000000000031 /* PTimer */,
				A00000000000000000000094 /* PTimerWidgets */,
				A00000000000000000000033 /* PTimerTests */,
				A00000000000000000000032 /* Products */,
				A00000000000000000000200 /* docs */,
			);
			sourceTree = "<group>";
		};
		A00000000000000000000031 /* PTimer */ = {
			isa = PBXGroup;
			children = (
				A000000000000000000000C6 /* App */,
				A000000000000000000000BB /* ExposureCalculator */,
				A000000000000000000000C7 /* Reciprocity */,
				A000000000000000000000C8 /* Timers */,
				A000000000000000000000C9 /* Resources */,
				A000000000000000000000CA /* Support */,
			);
			path = PTimer;
			sourceTree = "<group>";
		};
		A00000000000000000000032 /* Products */ = {
			isa = PBXGroup;
			children = (
				A00000000000000000000010 /* PTimer.app */,
				A00000000000000000000018 /* PTimerTests.xctest */,
				A00000000000000000000090 /* PTimerWidgets.appex */,
			);
			name = Products;
			sourceTree = "<group>";
		};
		A00000000000000000000033 /* PTimerTests */ = {
			isa = PBXGroup;
			children = (
				A000000000000000000000CB /* App */,
				A000000000000000000000BC /* ExposureCalculator */,
				A000000000000000000000CC /* Reciprocity */,
				A000000000000000000000CD /* Timers */,
				A00000000000000000000113 /* Snapshots */,
				A00000000000000000000114 /* RecordReplay */,
				A00000000000000000000402 /* Support */,
			);
			path = PTimerTests;
			sourceTree = "<group>";
		};
		A00000000000000000000094 /* PTimerWidgets */ = {
			isa = PBXGroup;
			children = (
				A0000000000000000000009D /* Info.plist */,
				A00000000000000000000092 /* PTimerWidgetsBundle.swift */,
				A00000000000000000000093 /* LockScreenTimerTargetWidget.swift */,
			);
			path = PTimerWidgets;
			sourceTree = "<group>";
		};
		A000000000000000000000BB /* ExposureCalculator */ = {
			isa = PBXGroup;
			children = (
				A00000000000000000000101 /* ExposureCalculatorLayoutMetrics.swift */,
				A00000000000000000000013 /* ExposureCalculatorScreen.swift */,
				A00000000000000000000814 /* ExposureCalculatorResultViews.swift */,
				A00000000000000000000148 /* FilmModeDetailsView.swift */,
				A00000000000000000000812 /* FilmSelectorOverlayView.swift */,
				A00000000000000000000961 /* CustomFilmEditorView.swift */,
				A00000000000000000000B91 /* CustomFilmEditorLiveCheckView.swift */,
				A0000000000000000000FF02 /* CustomFilmEditorFittedFormulaSection.swift */,
				A00000000000000000000B93 /* CustomFilmEditorFieldSheets.swift */,
				A00000000000000000000810 /* ExposureWorkspaceMainLayoutStyle.swift */,
				A0000000000000000000014A /* WheelPickerContinuousObserver.swift */,
				A0000000000000000000014C /* NDWheelPickerView.swift */,
				A00000000000000000000209 /* CameraSlot */,
				A000000000000000000000F0 /* FilmContext */,
				A00000000000000000000127 /* Models */,
				A00000000000000000000103 /* RunningTimerPanelView.swift */,
				A00000000000000000000227 /* TargetShutterSectionView.swift */,
				A00000000000000000000106 /* ViewModelDependencyFactory.swift */,
			);
			path = ExposureCalculator;
			sourceTree = "<group>";
		};
		A000000000000000000000BC /* ExposureCalculator */ = {
			isa = PBXGroup;
			children = (
				A0000000000000000000091D /* CalculatorTimerLockScreenTests.swift */,
				A000000000000000000000CE /* ExposureCalculatorViewModelContextPersistenceTests.swift */,
				A0000000000000000000096D /* PersistentCustomFilmLibraryTests.swift */,
				A00000000000000000000D02 /* CustomFilmLibraryQuarantineTests.swift */,
				A00000000000000000000B9F /* CustomFilmEditorPolishTests.swift */,
			);
			path = ExposureCalculator;
			sourceTree = "<group>";
		};
		A000000000000000000000C6 /* App */ = {
			isa = PBXGroup;
			children = (
				A00000000000000000000011 /* PTimerApp.swift */,
				A00000000000000000000012 /* ContentView.swift */,
				A00000000000000000000A83 /* PTimerAboutView.swift */,
				A000000000000000000000D0 /* Workspace */,
			);
			path = App;
			sourceTree = "<group>";
		};
		A000000000000000000000C7 /* Reciprocity */ = {
			isa = PBXGroup;
			children = (
			);
			path = Reciprocity;
			sourceTree = "<group>";
		};
		A000000000000000000000C8 /* Timers */ = {
			isa = PBXGroup;
			children = (
				A00000000000000000000015 /* TimerManager.swift */,
				A0000000000000000000001E /* TimerCompletionNotificationScheduler.swift */,
				A000000000000000000009A1 /* TimerAlarmAudioPlayer.swift */,
				A0000000000000000000B0A1 /* SilentModeAdvisory.swift */,
				A00000000000000000000091 /* LockScreenTimerLiveActivity.swift */,
				A00000000000000000000145 /* UserDefaultsTimerMetadataStore.swift */,
			);
			path = Timers;
			sourceTree = "<group>";
		};
		A000000000000000000000C9 /* Resources */ = {
			isa = PBXGroup;
			children = (
				A000000000000000000000C5 /* Assets.xcassets */,
				A00000000000000000000F01 /* Localizable.xcstrings */,
				A00000000000000000000A91 /* LaunchScreen.storyboard */,
			);
			path = Resources;
			sourceTree = "<group>";
		};
		A000000000000000000000CA /* Support */ = {
			isa = PBXGroup;
			children = (
			);
			path = Support;
			sourceTree = "<group>";
		};
		A000000000000000000000CB /* App */ = {
			isa = PBXGroup;
			children = (
				A0000000000000000000001D /* BottomSheetWorkspaceShellTests.swift */,
				A00000000000000000000921 /* BottomSheetWorkspaceShellTestSupport.swift */,
				A00000000000000000000927 /* BottomSheetWorkspaceLayoutMetricsTests.swift */,
			);
			path = App;
			sourceTree = "<group>";
		};
		A000000000000000000000CC /* Reciprocity */ = {
			isa = PBXGroup;
			children = (
			);
			path = Reciprocity;
			sourceTree = "<group>";
		};
		A000000000000000000000CD /* Timers */ = {
			isa = PBXGroup;
			children = (
				A00000000000000000000017 /* TimerManagerTests.swift */,
				A00000000000000000000901 /* TimerManagerTestSupport.swift */,
				A00000000000000000000903 /* TimerManagerCompletionAlertTests.swift */,
				A0000000000000000000B0B1 /* SilentModeAdvisoryTests.swift */,
				A00000000000000000000905 /* TimerManagerNotificationSchedulingTests.swift */,
				A00000000000000000000951 /* StagedNotificationSchedulerTests.swift */,
				A00000000000000000000907 /* TimerManagerReconcileTests.swift */,
				A00000000000000000000909 /* TimerManagerPauseResumeTests.swift */,
				A0000000000000000000090B /* TimerManagerPersistenceRestoreTests.swift */,
				A00000000000000000000D04 /* TimerPersistenceQuarantineTests.swift */,
				A00000000000000000000142 /* B4TimerLifecycleBaselineTests.swift */,
			);
			path = Timers;
			sourceTree = "<group>";
		};
		A000000000000000000000D0 /* Workspace */ = {
			isa = PBXGroup;
			children = (
				A000000000000000000000D1 /* BottomSheetWorkspaceShell.swift */,
			);
			path = Workspace;
			sourceTree = "<group>";
		};
		A000000000000000000000F0 /* FilmContext */ = {
			isa = PBXGroup;
			children = (
				A0000000000000000000096B /* UserDefaultsCustomFilmLibraryStore.swift */,
				EE0000000000000000000010 /* UserDefaultsCalculatorContextStore.swift */,
				EE000000000000000000D000 /* UserDefaultsDisplaySettingStore.swift */,
			);
			path = FilmContext;
			sourceTree = "<group>";
		};
		A00000000000000000000113 /* Snapshots */ = {
			isa = PBXGroup;
			children = (
			);
			path = Snapshots;
			sourceTree = "<group>";
		};
		A00000000000000000000114 /* RecordReplay */ = {
			isa = PBXGroup;
			children = (
				A00000000000000000000115 /* RecordReplayTrace.swift */,
				A00000000000000000000117 /* RecordReplayBaseline.swift */,
				A00000000000000000000119 /* RecordReplaySpies.swift */,
				A0000000000000000000011B /* RecordReplayHarness.swift */,
				A0000000000000000000011D /* RecordReplayBaselineSmokeTests.swift */,
			);
			path = RecordReplay;
			sourceTree = "<group>";
		};
		A00000000000000000000127 /* Models */ = {
			isa = PBXGroup;
			children = (
			);
			path = Models;
			sourceTree = "<group>";
		};
		A00000000000000000000209 /* CameraSlot */ = {
			isa = PBXGroup;
			children = (
				A00000000000000000000203 /* CameraSlotPagerIndicator.swift */,
				EE0000000000000000000012 /* UserDefaultsCameraSlotSessionStore.swift */,
				A0000000000000000000021E /* CameraSlotRenameSheet.swift */,
			);
			path = CameraSlot;
			sourceTree = "<group>";
		};
		A00000000000000000000402 /* Support */ = {
			isa = PBXGroup;
			children = (
				EE0000000000000000000C93 /* CustomFilmTestSupport.swift */,
			);
			path = Support;
			sourceTree = "<group>";
		};
/* End PBXGroup section */

/* Begin PBXNativeTarget section */
		A00000000000000000000040 /* PTimer */ = {
			isa = PBXNativeTarget;
			buildConfigurationList = A00000000000000000000050 /* Build configuration list for PBXNativeTarget "PTimer" */;
			buildPhases = (
				A00000000000000000000021 /* Sources */,
				A00000000000000000000020 /* Frameworks */,
				A00000000000000000000022 /* Resources */,
				A00000000000000000000098 /* Embed App Extensions */,
			);
			buildRules = (
			);
			dependencies = (
				A000000000000000000000A4 /* PBXTargetDependency */,
			);
			fileSystemSynchronizedGroups = (
				A00000000000000000000031 /* PTimer */,
			);
			name = PTimer;
			packageProductDependencies = (
				EE0000000000000000000002 /* PTimerCore */,
				EE0000000000000000000004 /* PTimerKit */,
			);
			productName = PTimer;
			productReference = A00000000000000000000010 /* PTimer.app */;
			productType = "com.apple.product-type.application";
		};
		A00000000000000000000041 /* PTimerTests */ = {
			isa = PBXNativeTarget;
			buildConfigurationList = A00000000000000000000051 /* Build configuration list for PBXNativeTarget "PTimerTests" */;
			buildPhases = (
				A00000000000000000000024 /* Sources */,
				A00000000000000000000023 /* Frameworks */,
				A00000000000000000000025 /* Resources */,
			);
			buildRules = (
			);
			dependencies = (
				A00000000000000000000081 /* PBXTargetDependency */,
			);
			name = PTimerTests;
			packageProductDependencies = (
				EE0000000000000000000002 /* PTimerCore */,
				EE0000000000000000000004 /* PTimerKit */,
			);
			productName = PTimerTests;
			productReference = A00000000000000000000018 /* PTimerTests.xctest */;
			productType = "com.apple.product-type.bundle.unit-test";
		};
		A0000000000000000000009C /* PTimerWidgets */ = {
			isa = PBXNativeTarget;
			buildConfigurationList = A00000000000000000000099 /* Build configuration list for PBXNativeTarget "PTimerWidgets" */;
			buildPhases = (
				A00000000000000000000096 /* Sources */,
				A00000000000000000000095 /* Frameworks */,
				A00000000000000000000097 /* Resources */,
			);
			buildRules = (
			);
			dependencies = (
			);
			fileSystemSynchronizedGroups = (
				A00000000000000000000094 /* PTimerWidgets */,
			);
			name = PTimerWidgets;
			packageProductDependencies = (
				EE0000000000000000000002 /* PTimerCore */,
			);
			productName = PTimerWidgets;
			productReference = A00000000000000000000090 /* PTimerWidgets.appex */;
			productType = "com.apple.product-type.app-extension";
		};
/* End PBXNativeTarget section */

/* Begin PBXProject section */
		A00000000000000000000060 /* Project object */ = {
			isa = PBXProject;
			attributes = {
				BuildIndependentTargetsInParallel = 1;
				LastSwiftUpdateCheck = 2603;
				LastUpgradeCheck = 2640;
				TargetAttributes = {
					A00000000000000000000040 = {
						CreatedOnToolsVersion = 26.3;
					};
					A00000000000000000000041 = {
						CreatedOnToolsVersion = 26.3;
						TestTargetID = A00000000000000000000040;
					};
					A0000000000000000000009C = {
						CreatedOnToolsVersion = 26.3;
					};
				};
			};
			buildConfigurationList = A00000000000000000000061 /* Build configuration list for PBXProject "PTimer" */;
			developmentRegion = en;
			hasScannedForEncodings = 0;
			knownRegions = (
				en,
				Base,
				ko,
			);
			mainGroup = A00000000000000000000030;
			minimizedProjectReferenceProxies = 1;
			packageReferences = (
				EE0000000000000000000001 /* XCLocalSwiftPackageReference "PTimerKit" */,
			);
			preferredProjectObjectVersion = 77;
			productRefGroup = A00000000000000000000032 /* Products */;
			projectDirPath = "";
			projectRoot = "";
			targets = (
				A00000000000000000000040 /* PTimer */,
				A00000000000000000000041 /* PTimerTests */,
				A0000000000000000000009C /* PTimerWidgets */,
			);
		};
/* End PBXProject section */

/* Begin PBXResourcesBuildPhase section */
		A00000000000000000000022 /* Resources */ = {
			isa = PBXResourcesBuildPhase;
			buildActionMask = 2147483647;
			files = (
				A00000000000000000000300 /* Assets.xcassets in Resources */,
				A00000000000000000000F02 /* Localizable.xcstrings in Resources */,
				A00000000000000000000A92 /* LaunchScreen.storyboard in Resources */,
			);
			runOnlyForDeploymentPostprocessing = 0;
		};
		A00000000000000000000025 /* Resources */ = {
			isa = PBXResourcesBuildPhase;
			buildActionMask = 2147483647;
			files = (
			);
			runOnlyForDeploymentPostprocessing = 0;
		};
		A00000000000000000000097 /* Resources */ = {
			isa = PBXResourcesBuildPhase;
			buildActionMask = 2147483647;
			files = (
			);
			runOnlyForDeploymentPostprocessing = 0;
		};
/* End PBXResourcesBuildPhase section */

/* Begin PBXSourcesBuildPhase section */
		A00000000000000000000021 /* Sources */ = {
			isa = PBXSourcesBuildPhase;
			buildActionMask = 2147483647;
			files = (
				A00000000000000000000001 /* PTimerApp.swift in Sources */,
				EE0000000000000000000011 /* UserDefaultsCalculatorContextStore.swift in Sources */,
				EE000000000000000000D001 /* UserDefaultsDisplaySettingStore.swift in Sources */,
				EE0000000000000000000013 /* UserDefaultsCameraSlotSessionStore.swift in Sources */,
				A00000000000000000000002 /* ContentView.swift in Sources */,
				A00000000000000000000A84 /* PTimerAboutView.swift in Sources */,
				A00000000000000000000003 /* ExposureCalculatorScreen.swift in Sources */,
				A00000000000000000000102 /* ExposureCalculatorLayoutMetrics.swift in Sources */,
				A00000000000000000000104 /* RunningTimerPanelView.swift in Sources */,
				A00000000000000000000005 /* TimerManager.swift in Sources */,
				A0000000000000000000000D /* TimerCompletionNotificationScheduler.swift in Sources */,
				A000000000000000000009A0 /* TimerAlarmAudioPlayer.swift in Sources */,
				A0000000000000000000B0A0 /* SilentModeAdvisory.swift in Sources */,
				A0000000000000000000000E /* LockScreenTimerLiveActivity.swift in Sources */,
				A0000000000000000000096A /* UserDefaultsCustomFilmLibraryStore.swift in Sources */,
				A00000000000000000000105 /* ViewModelDependencyFactory.swift in Sources */,
				A000000000000000000000D2 /* BottomSheetWorkspaceShell.swift in Sources */,
				A00000000000000000000960 /* CustomFilmEditorView.swift in Sources */,
				A00000000000000000000B90 /* CustomFilmEditorLiveCheckView.swift in Sources */,
				A0000000000000000000FF01 /* CustomFilmEditorFittedFormulaSection.swift in Sources */,
				A00000000000000000000B92 /* CustomFilmEditorFieldSheets.swift in Sources */,
				A00000000000000000000147 /* UserDefaultsTimerMetadataStore.swift in Sources */,
				A00000000000000000000149 /* FilmModeDetailsView.swift in Sources */,
				A00000000000000000000811 /* ExposureWorkspaceMainLayoutStyle.swift in Sources */,
				A00000000000000000000813 /* FilmSelectorOverlayView.swift in Sources */,
				A00000000000000000000815 /* ExposureCalculatorResultViews.swift in Sources */,
				A0000000000000000000014B /* WheelPickerContinuousObserver.swift in Sources */,
				A0000000000000000000014D /* NDWheelPickerView.swift in Sources */,
				A00000000000000000000204 /* CameraSlotPagerIndicator.swift in Sources */,
				A0000000000000000000021F /* CameraSlotRenameSheet.swift in Sources */,
				A00000000000000000000226 /* TargetShutterSectionView.swift in Sources */,
			);
			runOnlyForDeploymentPostprocessing = 0;
		};
		A00000000000000000000024 /* Sources */ = {
			isa = PBXSourcesBuildPhase;
			buildActionMask = 2147483647;
			files = (
				EE0000000000000000000C92 /* CustomFilmTestSupport.swift in Sources */,
				A00000000000000000000007 /* TimerManagerTests.swift in Sources */,
				A00000000000000000000900 /* TimerManagerTestSupport.swift in Sources */,
				A00000000000000000000902 /* TimerManagerCompletionAlertTests.swift in Sources */,
				A0000000000000000000B0B0 /* SilentModeAdvisoryTests.swift in Sources */,
				A00000000000000000000904 /* TimerManagerNotificationSchedulingTests.swift in Sources */,
				A00000000000000000000950 /* StagedNotificationSchedulerTests.swift in Sources */,
				A00000000000000000000906 /* TimerManagerReconcileTests.swift in Sources */,
				A00000000000000000000908 /* TimerManagerPauseResumeTests.swift in Sources */,
				A0000000000000000000090A /* TimerManagerPersistenceRestoreTests.swift in Sources */,
				A00000000000000000000D03 /* TimerPersistenceQuarantineTests.swift in Sources */,
				A00000000000000000000116 /* RecordReplayTrace.swift in Sources */,
				A00000000000000000000118 /* RecordReplayBaseline.swift in Sources */,
				A0000000000000000000011A /* RecordReplaySpies.swift in Sources */,
				A0000000000000000000011C /* RecordReplayHarness.swift in Sources */,
				A0000000000000000000011E /* RecordReplayBaselineSmokeTests.swift in Sources */,
				A0000000000000000000091C /* CalculatorTimerLockScreenTests.swift in Sources */,
				A000000000000000000000BF /* ExposureCalculatorViewModelContextPersistenceTests.swift in Sources */,
				A0000000000000000000000C /* BottomSheetWorkspaceShellTests.swift in Sources */,
				A00000000000000000000920 /* BottomSheetWorkspaceShellTestSupport.swift in Sources */,
				A00000000000000000000926 /* BottomSheetWorkspaceLayoutMetricsTests.swift in Sources */,
				A00000000000000000000143 /* B4TimerLifecycleBaselineTests.swift in Sources */,
				A0000000000000000000096C /* PersistentCustomFilmLibraryTests.swift in Sources */,
				A00000000000000000000D01 /* CustomFilmLibraryQuarantineTests.swift in Sources */,
				A00000000000000000000B9E /* CustomFilmEditorPolishTests.swift in Sources */,
			);
			runOnlyForDeploymentPostprocessing = 0;
		};
		A00000000000000000000096 /* Sources */ = {
			isa = PBXSourcesBuildPhase;
			buildActionMask = 2147483647;
			files = (
				A000000000000000000000A0 /* PTimerWidgetsBundle.swift in Sources */,
				A000000000000000000000A1 /* LockScreenTimerTargetWidget.swift in Sources */,
				A0000000000000000000000F /* LockScreenTimerLiveActivity.swift in Sources */,
			);
			runOnlyForDeploymentPostprocessing = 0;
		};
/* End PBXSourcesBuildPhase section */

/* Begin PBXTargetDependency section */
		A00000000000000000000081 /* PBXTargetDependency */ = {
			isa = PBXTargetDependency;
			target = A00000000000000000000040 /* PTimer */;
			targetProxy = A00000000000000000000080 /* PBXContainerItemProxy */;
		};
		A000000000000000000000A4 /* PBXTargetDependency */ = {
			isa = PBXTargetDependency;
			target = A0000000000000000000009C /* PTimerWidgets */;
			targetProxy = A000000000000000000000A3 /* PBXContainerItemProxy */;
		};
/* End PBXTargetDependency section */

/* Begin XCBuildConfiguration section */
		A00000000000000000000070 /* Debug */ = {
			isa = XCBuildConfiguration;
			buildSettings = {
				ASSETCATALOG_COMPILER_APPICON_NAME = "AppIcon-Debug";
				CODE_SIGN_STYLE = Automatic;
				CURRENT_PROJECT_VERSION = 1;
				DEVELOPMENT_TEAM = C5X5P5DEG3;
				ENABLE_PREVIEWS = YES;
				GENERATE_INFOPLIST_FILE = YES;
				INFOPLIST_KEY_CFBundleDisplayName = "PTimer dev";
				INFOPLIST_KEY_NSSupportsLiveActivities = YES;
				INFOPLIST_KEY_UIApplicationSceneManifest_Generation = YES;
				INFOPLIST_KEY_UIApplicationSupportsIndirectInputEvents = YES;
				INFOPLIST_KEY_UILaunchStoryboardName = LaunchScreen;
				INFOPLIST_KEY_UISupportedInterfaceOrientations_iPhone = "UIInterfaceOrientationPortrait UIInterfaceOrientationLandscapeLeft UIInterfaceOrientationLandscapeRight";
				IPHONEOS_DEPLOYMENT_TARGET = 17.0;
				LD_RUNPATH_SEARCH_PATHS = (
					"$(inherited)",
					"@executable_path/Frameworks",
				);
				MARKETING_VERSION = 0.8.0;
				PRODUCT_BUNDLE_IDENTIFIER = com.sangwook.PTimer.dev;
				PRODUCT_NAME = "$(TARGET_NAME)";
				SDKROOT = iphoneos;
				SUPPORTED_PLATFORMS = "iphoneos iphonesimulator";
				SWIFT_EMIT_LOC_STRINGS = YES;
				SWIFT_VERSION = 5.0;
				TARGETED_DEVICE_FAMILY = 1;
			};
			name = Debug;
		};
		A00000000000000000000071 /* Release */ = {
			isa = XCBuildConfiguration;
			buildSettings = {
				ASSETCATALOG_COMPILER_APPICON_NAME = AppIcon;
				CODE_SIGN_STYLE = Automatic;
				CURRENT_PROJECT_VERSION = 1;
				DEVELOPMENT_TEAM = C5X5P5DEG3;
				GENERATE_INFOPLIST_FILE = YES;
				INFOPLIST_KEY_CFBundleDisplayName = PTimer;
				INFOPLIST_KEY_NSSupportsLiveActivities = YES;
				INFOPLIST_KEY_UIApplicationSceneManifest_Generation = YES;
				INFOPLIST_KEY_UIApplicationSupportsIndirectInputEvents = YES;
				INFOPLIST_KEY_UILaunchStoryboardName = LaunchScreen;
				INFOPLIST_KEY_UISupportedInterfaceOrientations_iPhone = "UIInterfaceOrientationPortrait UIInterfaceOrientationLandscapeLeft UIInterfaceOrientationLandscapeRight";
				IPHONEOS_DEPLOYMENT_TARGET = 17.0;
				LD_RUNPATH_SEARCH_PATHS = (
					"$(inherited)",
					"@executable_path/Frameworks",
				);
				MARKETING_VERSION = 0.8.0;
				PRODUCT_BUNDLE_IDENTIFIER = com.sangwook.PTimer;
				PRODUCT_NAME = "$(TARGET_NAME)";
				SDKROOT = iphoneos;
				SUPPORTED_PLATFORMS = "iphoneos iphonesimulator";
				SWIFT_EMIT_LOC_STRINGS = YES;
				SWIFT_VERSION = 5.0;
				TARGETED_DEVICE_FAMILY = 1;
			};
			name = Release;
		};
		A00000000000000000000072 /* Debug */ = {
			isa = XCBuildConfiguration;
			baseConfigurationReference = A0000000000000000000EF01 /* Config/Signing.xcconfig */;
			buildSettings = {
				ALWAYS_SEARCH_USER_PATHS = NO;
				CLANG_ANALYZER_NONNULL = YES;
				CLANG_ANALYZER_NUMBER_OBJECT_CONVERSION = YES_AGGRESSIVE;
				CLANG_CXX_LANGUAGE_STANDARD = "gnu++20";
				CLANG_ENABLE_MODULES = YES;
				CLANG_ENABLE_OBJC_ARC = YES;
				CLANG_ENABLE_OBJC_WEAK = YES;
				CLANG_WARN_BLOCK_CAPTURE_AUTORELEASING = YES;
				CLANG_WARN_BOOL_CONVERSION = YES;
				CLANG_WARN_COMMA = YES;
				CLANG_WARN_CONSTANT_CONVERSION = YES;
				CLANG_WARN_DEPRECATED_OBJC_IMPLEMENTATIONS = YES;
				CLANG_WARN_DIRECT_OBJC_ISA_USAGE = YES_ERROR;
				CLANG_WARN_DOCUMENTATION_COMMENTS = YES;
				CLANG_WARN_EMPTY_BODY = YES;
				CLANG_WARN_ENUM_CONVERSION = YES;
				CLANG_WARN_INFINITE_RECURSION = YES;
				CLANG_WARN_INT_CONVERSION = YES;
				CLANG_WARN_NON_LITERAL_NULL_CONVERSION = YES;
				CLANG_WARN_OBJC_IMPLICIT_RETAIN_SELF = YES;
				CLANG_WARN_OBJC_LITERAL_CONVERSION = YES;
				CLANG_WARN_OBJC_ROOT_CLASS = YES_ERROR;
				CLANG_WARN_QUOTED_INCLUDE_IN_FRAMEWORK_HEADER = YES;
				CLANG_WARN_RANGE_LOOP_ANALYSIS = YES;
				CLANG_WARN_STRICT_PROTOTYPES = YES;
				CLANG_WARN_SUSPICIOUS_MOVE = YES;
				CLANG_WARN_UNGUARDED_AVAILABILITY = YES_AGGRESSIVE;
				CLANG_WARN_UNREACHABLE_CODE = YES;
				CLANG_WARN__DUPLICATE_METHOD_MATCH = YES;
				COPY_PHASE_STRIP = NO;
				DEBUG_INFORMATION_FORMAT = dwarf;
				ENABLE_STRICT_OBJC_MSGSEND = YES;
				ENABLE_TESTABILITY = YES;
				ENABLE_USER_SCRIPT_SANDBOXING = NO;
				GCC_C_LANGUAGE_STANDARD = gnu17;
				GCC_DYNAMIC_NO_PIC = NO;
				GCC_NO_COMMON_BLOCKS = YES;
				GCC_OPTIMIZATION_LEVEL = 0;
				GCC_PREPROCESSOR_DEFINITIONS = (
					"DEBUG=1",
					"$(inherited)",
				);
				GCC_WARN_64_TO_32_BIT_CONVERSION = YES;
				GCC_WARN_ABOUT_RETURN_TYPE = YES_ERROR;
				GCC_WARN_UNDECLARED_SELECTOR = YES;
				GCC_WARN_UNINITIALIZED_AUTOS = YES_AGGRESSIVE;
				GCC_WARN_UNUSED_FUNCTION = YES;
				GCC_WARN_UNUSED_VARIABLE = YES;
				ONLY_ACTIVE_ARCH = YES;
				SDKROOT = iphoneos;
				STRING_CATALOG_GENERATE_SYMBOLS = YES;
				SWIFT_ACTIVE_COMPILATION_CONDITIONS = "DEBUG $(inherited)";
				SWIFT_OPTIMIZATION_LEVEL = "-Onone";
			};
			name = Debug;
		};
		A00000000000000000000073 /* Release */ = {
			isa = XCBuildConfiguration;
			baseConfigurationReference = A0000000000000000000EF01 /* Config/Signing.xcconfig */;
			buildSettings = {
				ALWAYS_SEARCH_USER_PATHS = NO;
				CLANG_ANALYZER_NONNULL = YES;
				CLANG_ANALYZER_NUMBER_OBJECT_CONVERSION = YES_AGGRESSIVE;
				CLANG_CXX_LANGUAGE_STANDARD = "gnu++20";
				CLANG_ENABLE_MODULES = YES;
				CLANG_ENABLE_OBJC_ARC = YES;
				CLANG_ENABLE_OBJC_WEAK = YES;
				CLANG_WARN_BLOCK_CAPTURE_AUTORELEASING = YES;
				CLANG_WARN_BOOL_CONVERSION = YES;
				CLANG_WARN_COMMA = YES;
				CLANG_WARN_CONSTANT_CONVERSION = YES;
				CLANG_WARN_DEPRECATED_OBJC_IMPLEMENTATIONS = YES;
				CLANG_WARN_DIRECT_OBJC_ISA_USAGE = YES_ERROR;
				CLANG_WARN_DOCUMENTATION_COMMENTS = YES;
				CLANG_WARN_EMPTY_BODY = YES;
				CLANG_WARN_ENUM_CONVERSION = YES;
				CLANG_WARN_INFINITE_RECURSION = YES;
				CLANG_WARN_INT_CONVERSION = YES;
				CLANG_WARN_NON_LITERAL_NULL_CONVERSION = YES;
				CLANG_WARN_OBJC_IMPLICIT_RETAIN_SELF = YES;
				CLANG_WARN_OBJC_LITERAL_CONVERSION = YES;
				CLANG_WARN_OBJC_ROOT_CLASS = YES_ERROR;
				CLANG_WARN_QUOTED_INCLUDE_IN_FRAMEWORK_HEADER = YES;
				CLANG_WARN_RANGE_LOOP_ANALYSIS = YES;
				CLANG_WARN_STRICT_PROTOTYPES = YES;
				CLANG_WARN_SUSPICIOUS_MOVE = YES;
				CLANG_WARN_UNGUARDED_AVAILABILITY = YES_AGGRESSIVE;
				CLANG_WARN_UNREACHABLE_CODE = YES;
				CLANG_WARN__DUPLICATE_METHOD_MATCH = YES;
				COPY_PHASE_STRIP = NO;
				DEBUG_INFORMATION_FORMAT = "dwarf-with-dsym";
				ENABLE_NS_ASSERTIONS = NO;
				ENABLE_STRICT_OBJC_MSGSEND = YES;
				ENABLE_USER_SCRIPT_SANDBOXING = NO;
				GCC_C_LANGUAGE_STANDARD = gnu17;
				GCC_NO_COMMON_BLOCKS = YES;
				GCC_WARN_64_TO_32_BIT_CONVERSION = YES;
				GCC_WARN_ABOUT_RETURN_TYPE = YES_ERROR;
				GCC_WARN_UNDECLARED_SELECTOR = YES;
				GCC_WARN_UNINITIALIZED_AUTOS = YES_AGGRESSIVE;
				GCC_WARN_UNUSED_FUNCTION = YES;
				GCC_WARN_UNUSED_VARIABLE = YES;
				SDKROOT = iphoneos;
				STRING_CATALOG_GENERATE_SYMBOLS = YES;
				SWIFT_COMPILATION_MODE = wholemodule;
				VALIDATE_PRODUCT = YES;
			};
			name = Release;
		};
		A00000000000000000000074 /* Debug */ = {
			isa = XCBuildConfiguration;
			buildSettings = {
				BUNDLE_LOADER = "$(TEST_HOST)";
				"CODE_SIGN_IDENTITY[sdk=macosx*]" = "Apple Development";
				CODE_SIGN_STYLE = Automatic;
				CURRENT_PROJECT_VERSION = 1;
				GENERATE_INFOPLIST_FILE = YES;
				IPHONEOS_DEPLOYMENT_TARGET = 17.0;
				MARKETING_VERSION = 0.8.0;
				PRODUCT_BUNDLE_IDENTIFIER = com.sangwook.PTimerTests;
				PRODUCT_NAME = "$(TARGET_NAME)";
				SDKROOT = iphoneos;
				SUPPORTED_PLATFORMS = "iphoneos iphonesimulator";
				SWIFT_EMIT_LOC_STRINGS = NO;
				SWIFT_VERSION = 5.0;
				TARGETED_DEVICE_FAMILY = 1;
				TEST_HOST = "$(BUILT_PRODUCTS_DIR)/PTimer.app/$(BUNDLE_EXECUTABLE_FOLDER_PATH)/PTimer";
			};
			name = Debug;
		};
		A00000000000000000000075 /* Release */ = {
			isa = XCBuildConfiguration;
			buildSettings = {
				BUNDLE_LOADER = "$(TEST_HOST)";
				"CODE_SIGN_IDENTITY[sdk=macosx*]" = "Apple Development";
				CODE_SIGN_STYLE = Automatic;
				CURRENT_PROJECT_VERSION = 1;
				GENERATE_INFOPLIST_FILE = YES;
				IPHONEOS_DEPLOYMENT_TARGET = 17.0;
				MARKETING_VERSION = 0.8.0;
				PRODUCT_BUNDLE_IDENTIFIER = com.sangwook.PTimerTests;
				PRODUCT_NAME = "$(TARGET_NAME)";
				SDKROOT = iphoneos;
				SUPPORTED_PLATFORMS = "iphoneos iphonesimulator";
				SWIFT_EMIT_LOC_STRINGS = NO;
				SWIFT_VERSION = 5.0;
				TARGETED_DEVICE_FAMILY = 1;
				TEST_HOST = "$(BUILT_PRODUCTS_DIR)/PTimer.app/$(BUNDLE_EXECUTABLE_FOLDER_PATH)/PTimer";
			};
			name = Release;
		};
		A0000000000000000000009A /* Debug */ = {
			isa = XCBuildConfiguration;
			buildSettings = {
				APPLICATION_EXTENSION_API_ONLY = YES;
				CODE_SIGN_STYLE = Automatic;
				CURRENT_PROJECT_VERSION = 1;
				DEVELOPMENT_TEAM = C5X5P5DEG3;
				GENERATE_INFOPLIST_FILE = NO;
				INFOPLIST_FILE = PTimerWidgets/Info.plist;
				IPHONEOS_DEPLOYMENT_TARGET = 17.0;
				LD_RUNPATH_SEARCH_PATHS = (
					"$(inherited)",
					"@executable_path/Frameworks",
					"@executable_path/../../Frameworks",
				);
				MARKETING_VERSION = 0.8.0;
				PRODUCT_BUNDLE_IDENTIFIER = com.sangwook.PTimer.dev.PTimerWidgets;
				PRODUCT_NAME = "$(TARGET_NAME)";
				SDKROOT = iphoneos;
				SKIP_INSTALL = YES;
				SUPPORTED_PLATFORMS = "iphoneos iphonesimulator";
				SWIFT_EMIT_LOC_STRINGS = YES;
				SWIFT_VERSION = 5.0;
				TARGETED_DEVICE_FAMILY = 1;
			};
			name = Debug;
		};
		A0000000000000000000009B /* Release */ = {
			isa = XCBuildConfiguration;
			buildSettings = {
				APPLICATION_EXTENSION_API_ONLY = YES;
				CODE_SIGN_STYLE = Automatic;
				CURRENT_PROJECT_VERSION = 1;
				DEVELOPMENT_TEAM = C5X5P5DEG3;
				GENERATE_INFOPLIST_FILE = NO;
				INFOPLIST_FILE = PTimerWidgets/Info.plist;
				IPHONEOS_DEPLOYMENT_TARGET = 17.0;
				LD_RUNPATH_SEARCH_PATHS = (
					"$(inherited)",
					"@executable_path/Frameworks",
					"@executable_path/../../Frameworks",
				);
				MARKETING_VERSION = 0.8.0;
				PRODUCT_BUNDLE_IDENTIFIER = com.sangwook.PTimer.PTimerWidgets;
				PRODUCT_NAME = "$(TARGET_NAME)";
				SDKROOT = iphoneos;
				SKIP_INSTALL = YES;
				SUPPORTED_PLATFORMS = "iphoneos iphonesimulator";
				SWIFT_EMIT_LOC_STRINGS = YES;
				SWIFT_VERSION = 5.0;
				TARGETED_DEVICE_FAMILY = 1;
			};
			name = Release;
		};
/* End XCBuildConfiguration section */

/* Begin XCConfigurationList section */
		A00000000000000000000050 /* Build configuration list for PBXNativeTarget "PTimer" */ = {
			isa = XCConfigurationList;
			buildConfigurations = (
				A00000000000000000000070 /* Debug */,
				A00000000000000000000071 /* Release */,
			);
			defaultConfigurationIsVisible = 0;
			defaultConfigurationName = Release;
		};
		A00000000000000000000051 /* Build configuration list for PBXNativeTarget "PTimerTests" */ = {
			isa = XCConfigurationList;
			buildConfigurations = (
				A00000000000000000000074 /* Debug */,
				A00000000000000000000075 /* Release */,
			);
			defaultConfigurationIsVisible = 0;
			defaultConfigurationName = Release;
		};
		A00000000000000000000061 /* Build configuration list for PBXProject "PTimer" */ = {
			isa = XCConfigurationList;
			buildConfigurations = (
				A00000000000000000000072 /* Debug */,
				A00000000000000000000073 /* Release */,
			);
			defaultConfigurationIsVisible = 0;
			defaultConfigurationName = Release;
		};
		A00000000000000000000099 /* Build configuration list for PBXNativeTarget "PTimerWidgets" */ = {
			isa = XCConfigurationList;
			buildConfigurations = (
				A0000000000000000000009A /* Debug */,
				A0000000000000000000009B /* Release */,
			);
			defaultConfigurationIsVisible = 0;
			defaultConfigurationName = Release;
		};
/* End XCConfigurationList section */

/* Begin XCLocalSwiftPackageReference section */
		EE0000000000000000000001 /* XCLocalSwiftPackageReference "PTimerKit" */ = {
			isa = XCLocalSwiftPackageReference;
			relativePath = PTimerKit;
		};
/* End XCLocalSwiftPackageReference section */

/* Begin XCSwiftPackageProductDependency section */
		EE0000000000000000000002 /* PTimerCore */ = {
			isa = XCSwiftPackageProductDependency;
			package = EE0000000000000000000001 /* XCLocalSwiftPackageReference "PTimerKit" */;
			productName = PTimerCore;
		};
		EE0000000000000000000004 /* PTimerKit */ = {
			isa = XCSwiftPackageProductDependency;
			package = EE0000000000000000000001 /* XCLocalSwiftPackageReference "PTimerKit" */;
			productName = PTimerKit;
		};
/* End XCSwiftPackageProductDependency section */
	};
	rootObject = A00000000000000000000060 /* Project object */;
}
